// !$*UTF8*$!
{
	archiveVersion = 1;
	classes = {
	};
	objectVersion = 50;
	objects = {

/* Begin PBXBuildFile section */
		20A96B2F0DADE6B405F6D3CE /* Pods_major_7_ios.framework in Frameworks */ = {isa = PBXBuildFile; fileRef = 72E5F17BF3B3C6876EB735D2 /* Pods_major_7_ios.framework */; };
		960A4760219AA8FE00780AD4 /* HapticFeedback.swift in Sources */ = {isa = PBXBuildFile; fileRef = 960A475F219AA8FE00780AD4 /* HapticFeedback.swift */; };
		9620021821DDFC320055D070 /* LoginViewController.swift in Sources */ = {isa = PBXBuildFile; fileRef = 9620021721DDFC320055D070 /* LoginViewController.swift */; };
		9620021A21DDFDC20055D070 /* LoginView.xib in Resources */ = {isa = PBXBuildFile; fileRef = 9620021921DDFDC20055D070 /* LoginView.xib */; };
		9620021C21DDFDED0055D070 /* LoginView.swift in Sources */ = {isa = PBXBuildFile; fileRef = 9620021B21DDFDED0055D070 /* LoginView.swift */; };
		9620021E21DF34B90055D070 /* UserService.swift in Sources */ = {isa = PBXBuildFile; fileRef = 9620021D21DF34B90055D070 /* UserService.swift */; };
		9620022121E3B17A0055D070 /* GoogleService-Info.plist in Resources */ = {isa = PBXBuildFile; fileRef = 9620022021E3B17A0055D070 /* GoogleService-Info.plist */; };
		9620022321E4ACED0055D070 /* gif1.gif in Resources */ = {isa = PBXBuildFile; fileRef = 9620022221E4ACED0055D070 /* gif1.gif */; };
		9620022B21E4AF000055D070 /* gif3.gif in Resources */ = {isa = PBXBuildFile; fileRef = 9620022521E4AEFE0055D070 /* gif3.gif */; };
		9620022D21E4AF000055D070 /* gif2.gif in Resources */ = {isa = PBXBuildFile; fileRef = 9620022721E4AEFF0055D070 /* gif2.gif */; };
		9620022E21E4AF000055D070 /* gif4.gif in Resources */ = {isa = PBXBuildFile; fileRef = 9620022821E4AEFF0055D070 /* gif4.gif */; };
		9620023421E4B13A0055D070 /* gif8.gif in Resources */ = {isa = PBXBuildFile; fileRef = 9620023121E4B1380055D070 /* gif8.gif */; };
		9620023521E4B13A0055D070 /* gif9.gif in Resources */ = {isa = PBXBuildFile; fileRef = 9620023221E4B1390055D070 /* gif9.gif */; };
		9620023B21E4B3A80055D070 /* gif10.gif in Resources */ = {isa = PBXBuildFile; fileRef = 9620023721E4B3A70055D070 /* gif10.gif */; };
		9620023C21E4B3A80055D070 /* gif5.gif in Resources */ = {isa = PBXBuildFile; fileRef = 9620023821E4B3A70055D070 /* gif5.gif */; };
		9620023E21E4B3A80055D070 /* gif7.gif in Resources */ = {isa = PBXBuildFile; fileRef = 9620023A21E4B3A80055D070 /* gif7.gif */; };
		9620025821E4F58E0055D070 /* gif11.gif in Resources */ = {isa = PBXBuildFile; fileRef = 9620025621E4F58E0055D070 /* gif11.gif */; };
		9620025A21E5CED10055D070 /* gif0.gif in Resources */ = {isa = PBXBuildFile; fileRef = 9620025921E5CED00055D070 /* gif0.gif */; };
		9620025C21E5CF1B0055D070 /* gif6.gif in Resources */ = {isa = PBXBuildFile; fileRef = 9620025B21E5CF1B0055D070 /* gif6.gif */; };
		9620025E21E5E5490055D070 /* UIView+Xib.swift in Sources */ = {isa = PBXBuildFile; fileRef = 9620025D21E5E5480055D070 /* UIView+Xib.swift */; };
		9639216F21ABC85500BA515A /* EventDetailsView.xib in Resources */ = {isa = PBXBuildFile; fileRef = 9639216E21ABC85500BA515A /* EventDetailsView.xib */; };
		9639217121ABCA3000BA515A /* EventDetailsView.swift in Sources */ = {isa = PBXBuildFile; fileRef = 9639217021ABCA3000BA515A /* EventDetailsView.swift */; };
		9639217421AD1C4500BA515A /* HashtagCell.swift in Sources */ = {isa = PBXBuildFile; fileRef = 9639217221AD1C4500BA515A /* HashtagCell.swift */; };
		9639217521AD1C4500BA515A /* HashtagCell.xib in Resources */ = {isa = PBXBuildFile; fileRef = 9639217321AD1C4500BA515A /* HashtagCell.xib */; };
		964761ED2186FAAD0004F58C /* BaseService.swift in Sources */ = {isa = PBXBuildFile; fileRef = 964761EC2186FAAD0004F58C /* BaseService.swift */; };
		964761EF21870EE60004F58C /* NewsService.swift in Sources */ = {isa = PBXBuildFile; fileRef = 964761EE21870EE60004F58C /* NewsService.swift */; };
		965798B222266BC500A03BE9 /* BuskerProfileViewController.swift in Sources */ = {isa = PBXBuildFile; fileRef = 965798B122266BC500A03BE9 /* BuskerProfileViewController.swift */; };
		965798B52226706C00A03BE9 /* BuskerProfileImgCell.swift in Sources */ = {isa = PBXBuildFile; fileRef = 965798B32226706C00A03BE9 /* BuskerProfileImgCell.swift */; };
		965798B62226706C00A03BE9 /* BuskerProfileImgCell.xib in Resources */ = {isa = PBXBuildFile; fileRef = 965798B42226706C00A03BE9 /* BuskerProfileImgCell.xib */; };
		965838B32181C5A4000FE8B0 /* News.swift in Sources */ = {isa = PBXBuildFile; fileRef = 965838B22181C5A4000FE8B0 /* News.swift */; };
		965838B62181CAE7000FE8B0 /* NewsCellType2.swift in Sources */ = {isa = PBXBuildFile; fileRef = 965838B42181CAE7000FE8B0 /* NewsCellType2.swift */; };
		965838B72181CAE7000FE8B0 /* NewsCellType2.xib in Resources */ = {isa = PBXBuildFile; fileRef = 965838B52181CAE7000FE8B0 /* NewsCellType2.xib */; };
		965838BA2181CAFE000FE8B0 /* NewsCellType3.swift in Sources */ = {isa = PBXBuildFile; fileRef = 965838B82181CAFE000FE8B0 /* NewsCellType3.swift */; };
		965838BB2181CAFE000FE8B0 /* NewsCellType3.xib in Resources */ = {isa = PBXBuildFile; fileRef = 965838B92181CAFE000FE8B0 /* NewsCellType3.xib */; };
		965838BE218317CE000FE8B0 /* NewsCellType4.swift in Sources */ = {isa = PBXBuildFile; fileRef = 965838BC218317CE000FE8B0 /* NewsCellType4.swift */; };
		965838BF218317CE000FE8B0 /* NewsCellType4.xib in Resources */ = {isa = PBXBuildFile; fileRef = 965838BD218317CE000FE8B0 /* NewsCellType4.xib */; };
		965838C221831866000FE8B0 /* NewsCellType5.swift in Sources */ = {isa = PBXBuildFile; fileRef = 965838C021831866000FE8B0 /* NewsCellType5.swift */; };
		965838C321831866000FE8B0 /* NewsCellType5.xib in Resources */ = {isa = PBXBuildFile; fileRef = 965838C121831866000FE8B0 /* NewsCellType5.xib */; };
		9658789C21C0FC70005B491A /* FloatyBtn.swift in Sources */ = {isa = PBXBuildFile; fileRef = 9658789B21C0FC70005B491A /* FloatyBtn.swift */; };
		9662425421F24D2200EF7695 /* ArrayExtension.swift in Sources */ = {isa = PBXBuildFile; fileRef = 9662425321F24D2200EF7695 /* ArrayExtension.swift */; };
		9662425621F25F1900EF7695 /* NotificationNames.swift in Sources */ = {isa = PBXBuildFile; fileRef = 9662425521F25F1900EF7695 /* NotificationNames.swift */; };
		96625F7721C785670086A2B2 /* Image.swift in Sources */ = {isa = PBXBuildFile; fileRef = 96625F7621C785670086A2B2 /* Image.swift */; };
		96625F7921C7859E0086A2B2 /* Event.swift in Sources */ = {isa = PBXBuildFile; fileRef = 96625F7821C7859E0086A2B2 /* Event.swift */; };
		96625F7B21C793DA0086A2B2 /* EventService.swift in Sources */ = {isa = PBXBuildFile; fileRef = 96625F7A21C793DA0086A2B2 /* EventService.swift */; };
		96625F7D21C7ABFE0086A2B2 /* GradientLayer.swift in Sources */ = {isa = PBXBuildFile; fileRef = 96625F7C21C7ABFE0086A2B2 /* GradientLayer.swift */; };
		96625F7F21C8C8030086A2B2 /* EventDetails.swift in Sources */ = {isa = PBXBuildFile; fileRef = 96625F7E21C8C8030086A2B2 /* EventDetails.swift */; };
		966A6CB8217DB5F500DF872F /* TabBarViewController.swift in Sources */ = {isa = PBXBuildFile; fileRef = 966A6CB7217DB5F500DF872F /* TabBarViewController.swift */; };
		966A6CBC217DB86D00DF872F /* HomeViewController.swift in Sources */ = {isa = PBXBuildFile; fileRef = 966A6CBB217DB86D00DF872F /* HomeViewController.swift */; };
		966A6CBF217DBD7F00DF872F /* BuskersViewController.swift in Sources */ = {isa = PBXBuildFile; fileRef = 966A6CBE217DBD7F00DF872F /* BuskersViewController.swift */; };
		966A6CC1217DBD9F00DF872F /* AgentsViewController.swift in Sources */ = {isa = PBXBuildFile; fileRef = 966A6CC0217DBD9F00DF872F /* AgentsViewController.swift */; };
		966A6CC3217DBDAF00DF872F /* EventsViewController.swift in Sources */ = {isa = PBXBuildFile; fileRef = 966A6CC2217DBDAF00DF872F /* EventsViewController.swift */; };
		966A6CC5217DBDC400DF872F /* SettingsViewController.swift in Sources */ = {isa = PBXBuildFile; fileRef = 966A6CC4217DBDC400DF872F /* SettingsViewController.swift */; };
		966A6CC7217DC16500DF872F /* Colors.swift in Sources */ = {isa = PBXBuildFile; fileRef = 966A6CC6217DC16500DF872F /* Colors.swift */; };
		966A6CCC217DE6DD00DF872F /* EventsSection.swift in Sources */ = {isa = PBXBuildFile; fileRef = 966A6CCA217DE6DD00DF872F /* EventsSection.swift */; };
		966A6CCD217DE6DD00DF872F /* EventsSection.xib in Resources */ = {isa = PBXBuildFile; fileRef = 966A6CCB217DE6DD00DF872F /* EventsSection.xib */; };
		966A6CD0217F096700DF872F /* HeaderView.swift in Sources */ = {isa = PBXBuildFile; fileRef = 966A6CCE217F096700DF872F /* HeaderView.swift */; };
		966A6CD1217F096700DF872F /* HeaderView.xib in Resources */ = {isa = PBXBuildFile; fileRef = 966A6CCF217F096700DF872F /* HeaderView.xib */; };
		966A6CD42180492F00DF872F /* EventsCell.swift in Sources */ = {isa = PBXBuildFile; fileRef = 966A6CD22180492F00DF872F /* EventsCell.swift */; };
		966A6CD52180492F00DF872F /* EventsCell.xib in Resources */ = {isa = PBXBuildFile; fileRef = 966A6CD32180492F00DF872F /* EventsCell.xib */; };
		966A6CDC218086BC00DF872F /* NewsSectionHeader.swift in Sources */ = {isa = PBXBuildFile; fileRef = 966A6CDA218086BC00DF872F /* NewsSectionHeader.swift */; };
		966A6CDD218086BC00DF872F /* NewsSectionHeader.xib in Resources */ = {isa = PBXBuildFile; fileRef = 966A6CDB218086BC00DF872F /* NewsSectionHeader.xib */; };
		966A6CE021808BB100DF872F /* NewsCellType1.swift in Sources */ = {isa = PBXBuildFile; fileRef = 966A6CDE21808BB100DF872F /* NewsCellType1.swift */; };
		966A6CE121808BB100DF872F /* NewsCellType1.xib in Resources */ = {isa = PBXBuildFile; fileRef = 966A6CDF21808BB100DF872F /* NewsCellType1.xib */; };
		966A6CE32180C15400DF872F /* Assets.xcassets in Resources */ = {isa = PBXBuildFile; fileRef = 966A6CE22180C15300DF872F /* Assets.xcassets */; };
		96799FE221889D520074C828 /* Animations.swift in Sources */ = {isa = PBXBuildFile; fileRef = 96799FE121889D520074C828 /* Animations.swift */; };
		96799FE4218AF8E70074C828 /* Hashtag.swift in Sources */ = {isa = PBXBuildFile; fileRef = 96799FE3218AF8E60074C828 /* Hashtag.swift */; };
		96799FE6218C5A280074C828 /* ImageOverlay.swift in Sources */ = {isa = PBXBuildFile; fileRef = 96799FE5218C5A270074C828 /* ImageOverlay.swift */; };
		96862EB9219ACE1F00F709B0 /* EventDetailsViewController.swift in Sources */ = {isa = PBXBuildFile; fileRef = 96862EB8219ACE1F00F709B0 /* EventDetailsViewController.swift */; };
		96862EBB219AD8AC00F709B0 /* TabBarHiding.swift in Sources */ = {isa = PBXBuildFile; fileRef = 96862EBA219AD8AC00F709B0 /* TabBarHiding.swift */; };
		96AC42F222327F9600F9D62C /* MemberCell.swift in Sources */ = {isa = PBXBuildFile; fileRef = 96AC42F022327F9600F9D62C /* MemberCell.swift */; };
		96AC42F322327F9600F9D62C /* MemberCell.xib in Resources */ = {isa = PBXBuildFile; fileRef = 96AC42F122327F9600F9D62C /* MemberCell.xib */; };
		96B0BE4021EDF452003C9BA5 /* HideKeyboard.swift in Sources */ = {isa = PBXBuildFile; fileRef = 96B0BE3F21EDF452003C9BA5 /* HideKeyboard.swift */; };
		96B0BE4221EF2235003C9BA5 /* ValidationRules.swift in Sources */ = {isa = PBXBuildFile; fileRef = 96B0BE4121EF2235003C9BA5 /* ValidationRules.swift */; };
		96B0BE4A21F056B4003C9BA5 /* LocalKeys.swift in Sources */ = {isa = PBXBuildFile; fileRef = 96B0BE4921F056B4003C9BA5 /* LocalKeys.swift */; };
		96C55414219044D00065D70A /* EventsListViewController.swift in Sources */ = {isa = PBXBuildFile; fileRef = 96C55413219044D00065D70A /* EventsListViewController.swift */; };
		96C5541B21918CB90065D70A /* TrendingCell.swift in Sources */ = {isa = PBXBuildFile; fileRef = 96C5541921918CB90065D70A /* TrendingCell.swift */; };
		96C5541C21918CB90065D70A /* TrendingCell.xib in Resources */ = {isa = PBXBuildFile; fileRef = 96C5541A21918CB90065D70A /* TrendingCell.xib */; };
		96C5541F219199700065D70A /* TrendingSection.swift in Sources */ = {isa = PBXBuildFile; fileRef = 96C5541D219199700065D70A /* TrendingSection.swift */; };
		96C55420219199700065D70A /* TrendingSection.xib in Resources */ = {isa = PBXBuildFile; fileRef = 96C5541E219199700065D70A /* TrendingSection.xib */; };
		96C554252192C2AC0065D70A /* BookmarkedSection.swift in Sources */ = {isa = PBXBuildFile; fileRef = 96C554232192C2AC0065D70A /* BookmarkedSection.swift */; };
		96C554262192C2AC0065D70A /* BookmarkedSection.xib in Resources */ = {isa = PBXBuildFile; fileRef = 96C554242192C2AC0065D70A /* BookmarkedSection.xib */; };
		96C5542A2192C2DF0065D70A /* FollowingSection.swift in Sources */ = {isa = PBXBuildFile; fileRef = 96C554282192C2DF0065D70A /* FollowingSection.swift */; };
		96C5542B2192C2DF0065D70A /* FollowingSection.xib in Resources */ = {isa = PBXBuildFile; fileRef = 96C554292192C2DF0065D70A /* FollowingSection.xib */; };
		96C5542E2192C6730065D70A /* FollowingCell.swift in Sources */ = {isa = PBXBuildFile; fileRef = 96C5542C2192C6720065D70A /* FollowingCell.swift */; };
		96C5542F2192C6730065D70A /* FollowingCell.xib in Resources */ = {isa = PBXBuildFile; fileRef = 96C5542D2192C6730065D70A /* FollowingCell.xib */; };
		96C554312192CBCE0065D70A /* GlobalCornerRadius.swift in Sources */ = {isa = PBXBuildFile; fileRef = 96C554302192CBCE0065D70A /* GlobalCornerRadius.swift */; };
		96C5543A2192D9980065D70A /* BookmarkedCell.swift in Sources */ = {isa = PBXBuildFile; fileRef = 96C554382192D9980065D70A /* BookmarkedCell.swift */; };
		96C5543B2192D9980065D70A /* BookmarkedCell.xib in Resources */ = {isa = PBXBuildFile; fileRef = 96C554392192D9980065D70A /* BookmarkedCell.xib */; };
		96C55447219408410065D70A /* FeaturedSectionHeader.swift in Sources */ = {isa = PBXBuildFile; fileRef = 96C55446219408400065D70A /* FeaturedSectionHeader.swift */; };
		96C5544B219408580065D70A /* FeaturedSectionHeader.xib in Resources */ = {isa = PBXBuildFile; fileRef = 96C55448219408530065D70A /* FeaturedSectionHeader.xib */; };
		96C5544C219408580065D70A /* FeaturedCell.swift in Sources */ = {isa = PBXBuildFile; fileRef = 96C55449219408560065D70A /* FeaturedCell.swift */; };
		96C5544D219408580065D70A /* FeaturedCell.xib in Resources */ = {isa = PBXBuildFile; fileRef = 96C5544A219408560065D70A /* FeaturedCell.xib */; };
		96C55450219438F10065D70A /* PagedCollectionViewLayout.swift in Sources */ = {isa = PBXBuildFile; fileRef = 96C5544F219438F00065D70A /* PagedCollectionViewLayout.swift */; };
		96C9899522169CEB00170609 /* NewsDetailViewController.swift in Sources */ = {isa = PBXBuildFile; fileRef = 96C9899322169CEB00170609 /* NewsDetailViewController.swift */; };
		96C989992216C98C00170609 /* NewsDetailImageCell.swift in Sources */ = {isa = PBXBuildFile; fileRef = 96C989972216C98C00170609 /* NewsDetailImageCell.swift */; };
		96C9899A2216C98C00170609 /* NewsDetailImageCell.xib in Resources */ = {isa = PBXBuildFile; fileRef = 96C989982216C98C00170609 /* NewsDetailImageCell.xib */; };
		96C9899C221FFA4100170609 /* UIScrollView.swift in Sources */ = {isa = PBXBuildFile; fileRef = 96C9899B221FFA4100170609 /* UIScrollView.swift */; };
		96C9899E2220307600170609 /* UILabel.swift in Sources */ = {isa = PBXBuildFile; fileRef = 96C9899D2220307600170609 /* UILabel.swift */; };
		96EA375321B528E900E9DB74 /* DetailsImageCell.swift in Sources */ = {isa = PBXBuildFile; fileRef = 96EA375121B528E900E9DB74 /* DetailsImageCell.swift */; };
		96EA375421B528E900E9DB74 /* DetailsImageCell.xib in Resources */ = {isa = PBXBuildFile; fileRef = 96EA375221B528E900E9DB74 /* DetailsImageCell.xib */; };
		96EA375621B66BBC00E9DB74 /* ImageViewerHelper.swift in Sources */ = {isa = PBXBuildFile; fileRef = 96EA375521B66BBC00E9DB74 /* ImageViewerHelper.swift */; };
		96F5308521EC68FD007BCCB0 /* UIVisualEffectView.swift in Sources */ = {isa = PBXBuildFile; fileRef = 96F5308421EC68FD007BCCB0 /* UIVisualEffectView.swift */; };
		CA550AA621706A65008E493D /* AppDelegate.swift in Sources */ = {isa = PBXBuildFile; fileRef = CA550AA521706A65008E493D /* AppDelegate.swift */; };
		CA550AAB21706A65008E493D /* Main.storyboard in Resources */ = {isa = PBXBuildFile; fileRef = CA550AA921706A65008E493D /* Main.storyboard */; };
		CA550AAE21706A65008E493D /* major_7_ios.xcdatamodeld in Sources */ = {isa = PBXBuildFile; fileRef = CA550AAC21706A65008E493D /* major_7_ios.xcdatamodeld */; };
		CA550AB321706A66008E493D /* LaunchScreen.storyboard in Resources */ = {isa = PBXBuildFile; fileRef = CA550AB121706A66008E493D /* LaunchScreen.storyboard */; };
/* End PBXBuildFile section */

/* Begin PBXFileReference section */
		72E5F17BF3B3C6876EB735D2 /* Pods_major_7_ios.framework */ = {isa = PBXFileReference; explicitFileType = wrapper.framework; includeInIndex = 0; path = Pods_major_7_ios.framework; sourceTree = BUILT_PRODUCTS_DIR; };
		85E2A7C70D0DC04C0984E968 /* Pods-major-7-ios.debug.xcconfig */ = {isa = PBXFileReference; includeInIndex = 1; lastKnownFileType = text.xcconfig; name = "Pods-major-7-ios.debug.xcconfig"; path = "Pods/Target Support Files/Pods-major-7-ios/Pods-major-7-ios.debug.xcconfig"; sourceTree = "<group>"; };
		960A475F219AA8FE00780AD4 /* HapticFeedback.swift */ = {isa = PBXFileReference; lastKnownFileType = sourcecode.swift; path = HapticFeedback.swift; sourceTree = "<group>"; };
		9620021721DDFC320055D070 /* LoginViewController.swift */ = {isa = PBXFileReference; lastKnownFileType = sourcecode.swift; path = LoginViewController.swift; sourceTree = "<group>"; };
		9620021921DDFDC20055D070 /* LoginView.xib */ = {isa = PBXFileReference; lastKnownFileType = file.xib; path = LoginView.xib; sourceTree = "<group>"; };
		9620021B21DDFDED0055D070 /* LoginView.swift */ = {isa = PBXFileReference; lastKnownFileType = sourcecode.swift; path = LoginView.swift; sourceTree = "<group>"; };
		9620021D21DF34B90055D070 /* UserService.swift */ = {isa = PBXFileReference; lastKnownFileType = sourcecode.swift; path = UserService.swift; sourceTree = "<group>"; };
		9620022021E3B17A0055D070 /* GoogleService-Info.plist */ = {isa = PBXFileReference; fileEncoding = 4; lastKnownFileType = text.plist.xml; path = "GoogleService-Info.plist"; sourceTree = "<group>"; };
		9620022221E4ACED0055D070 /* gif1.gif */ = {isa = PBXFileReference; lastKnownFileType = image.gif; path = gif1.gif; sourceTree = "<group>"; };
		9620022521E4AEFE0055D070 /* gif3.gif */ = {isa = PBXFileReference; lastKnownFileType = image.gif; path = gif3.gif; sourceTree = "<group>"; };
		9620022721E4AEFF0055D070 /* gif2.gif */ = {isa = PBXFileReference; lastKnownFileType = image.gif; path = gif2.gif; sourceTree = "<group>"; };
		9620022821E4AEFF0055D070 /* gif4.gif */ = {isa = PBXFileReference; lastKnownFileType = image.gif; path = gif4.gif; sourceTree = "<group>"; };
		9620023121E4B1380055D070 /* gif8.gif */ = {isa = PBXFileReference; lastKnownFileType = image.gif; path = gif8.gif; sourceTree = "<group>"; };
		9620023221E4B1390055D070 /* gif9.gif */ = {isa = PBXFileReference; lastKnownFileType = image.gif; path = gif9.gif; sourceTree = "<group>"; };
		9620023721E4B3A70055D070 /* gif10.gif */ = {isa = PBXFileReference; lastKnownFileType = image.gif; path = gif10.gif; sourceTree = "<group>"; };
		9620023821E4B3A70055D070 /* gif5.gif */ = {isa = PBXFileReference; lastKnownFileType = image.gif; path = gif5.gif; sourceTree = "<group>"; };
		9620023A21E4B3A80055D070 /* gif7.gif */ = {isa = PBXFileReference; lastKnownFileType = image.gif; path = gif7.gif; sourceTree = "<group>"; };
		9620025621E4F58E0055D070 /* gif11.gif */ = {isa = PBXFileReference; lastKnownFileType = image.gif; path = gif11.gif; sourceTree = "<group>"; };
		9620025921E5CED00055D070 /* gif0.gif */ = {isa = PBXFileReference; lastKnownFileType = image.gif; path = gif0.gif; sourceTree = "<group>"; };
		9620025B21E5CF1B0055D070 /* gif6.gif */ = {isa = PBXFileReference; lastKnownFileType = image.gif; path = gif6.gif; sourceTree = "<group>"; };
		9620025D21E5E5480055D070 /* UIView+Xib.swift */ = {isa = PBXFileReference; lastKnownFileType = sourcecode.swift; path = "UIView+Xib.swift"; sourceTree = "<group>"; };
		9639216E21ABC85500BA515A /* EventDetailsView.xib */ = {isa = PBXFileReference; lastKnownFileType = file.xib; path = EventDetailsView.xib; sourceTree = "<group>"; };
		9639217021ABCA3000BA515A /* EventDetailsView.swift */ = {isa = PBXFileReference; lastKnownFileType = sourcecode.swift; path = EventDetailsView.swift; sourceTree = "<group>"; };
		9639217221AD1C4500BA515A /* HashtagCell.swift */ = {isa = PBXFileReference; lastKnownFileType = sourcecode.swift; path = HashtagCell.swift; sourceTree = "<group>"; };
		9639217321AD1C4500BA515A /* HashtagCell.xib */ = {isa = PBXFileReference; lastKnownFileType = file.xib; path = HashtagCell.xib; sourceTree = "<group>"; };
		964761EC2186FAAD0004F58C /* BaseService.swift */ = {isa = PBXFileReference; lastKnownFileType = sourcecode.swift; path = BaseService.swift; sourceTree = "<group>"; };
		964761EE21870EE60004F58C /* NewsService.swift */ = {isa = PBXFileReference; lastKnownFileType = sourcecode.swift; path = NewsService.swift; sourceTree = "<group>"; };
		965798B122266BC500A03BE9 /* BuskerProfileViewController.swift */ = {isa = PBXFileReference; lastKnownFileType = sourcecode.swift; path = BuskerProfileViewController.swift; sourceTree = "<group>"; };
		965798B32226706C00A03BE9 /* BuskerProfileImgCell.swift */ = {isa = PBXFileReference; lastKnownFileType = sourcecode.swift; path = BuskerProfileImgCell.swift; sourceTree = "<group>"; };
		965798B42226706C00A03BE9 /* BuskerProfileImgCell.xib */ = {isa = PBXFileReference; lastKnownFileType = file.xib; path = BuskerProfileImgCell.xib; sourceTree = "<group>"; };
		965838B22181C5A4000FE8B0 /* News.swift */ = {isa = PBXFileReference; lastKnownFileType = sourcecode.swift; path = News.swift; sourceTree = "<group>"; };
		965838B42181CAE7000FE8B0 /* NewsCellType2.swift */ = {isa = PBXFileReference; lastKnownFileType = sourcecode.swift; path = NewsCellType2.swift; sourceTree = "<group>"; };
		965838B52181CAE7000FE8B0 /* NewsCellType2.xib */ = {isa = PBXFileReference; lastKnownFileType = file.xib; path = NewsCellType2.xib; sourceTree = "<group>"; };
		965838B82181CAFE000FE8B0 /* NewsCellType3.swift */ = {isa = PBXFileReference; lastKnownFileType = sourcecode.swift; path = NewsCellType3.swift; sourceTree = "<group>"; };
		965838B92181CAFE000FE8B0 /* NewsCellType3.xib */ = {isa = PBXFileReference; lastKnownFileType = file.xib; path = NewsCellType3.xib; sourceTree = "<group>"; };
		965838BC218317CE000FE8B0 /* NewsCellType4.swift */ = {isa = PBXFileReference; lastKnownFileType = sourcecode.swift; path = NewsCellType4.swift; sourceTree = "<group>"; };
		965838BD218317CE000FE8B0 /* NewsCellType4.xib */ = {isa = PBXFileReference; lastKnownFileType = file.xib; path = NewsCellType4.xib; sourceTree = "<group>"; };
		965838C021831866000FE8B0 /* NewsCellType5.swift */ = {isa = PBXFileReference; lastKnownFileType = sourcecode.swift; path = NewsCellType5.swift; sourceTree = "<group>"; };
		965838C121831866000FE8B0 /* NewsCellType5.xib */ = {isa = PBXFileReference; lastKnownFileType = file.xib; path = NewsCellType5.xib; sourceTree = "<group>"; };
		9658789B21C0FC70005B491A /* FloatyBtn.swift */ = {isa = PBXFileReference; lastKnownFileType = sourcecode.swift; path = FloatyBtn.swift; sourceTree = "<group>"; };
		9662425321F24D2200EF7695 /* ArrayExtension.swift */ = {isa = PBXFileReference; lastKnownFileType = sourcecode.swift; path = ArrayExtension.swift; sourceTree = "<group>"; };
		9662425521F25F1900EF7695 /* NotificationNames.swift */ = {isa = PBXFileReference; lastKnownFileType = sourcecode.swift; path = NotificationNames.swift; sourceTree = "<group>"; };
		96625F7621C785670086A2B2 /* Image.swift */ = {isa = PBXFileReference; lastKnownFileType = sourcecode.swift; path = Image.swift; sourceTree = "<group>"; };
		96625F7821C7859E0086A2B2 /* Event.swift */ = {isa = PBXFileReference; lastKnownFileType = sourcecode.swift; path = Event.swift; sourceTree = "<group>"; };
		96625F7A21C793DA0086A2B2 /* EventService.swift */ = {isa = PBXFileReference; lastKnownFileType = sourcecode.swift; path = EventService.swift; sourceTree = "<group>"; };
		96625F7C21C7ABFE0086A2B2 /* GradientLayer.swift */ = {isa = PBXFileReference; lastKnownFileType = sourcecode.swift; path = GradientLayer.swift; sourceTree = "<group>"; };
		96625F7E21C8C8030086A2B2 /* EventDetails.swift */ = {isa = PBXFileReference; lastKnownFileType = sourcecode.swift; path = EventDetails.swift; sourceTree = "<group>"; };
		966A6CB7217DB5F500DF872F /* TabBarViewController.swift */ = {isa = PBXFileReference; lastKnownFileType = sourcecode.swift; path = TabBarViewController.swift; sourceTree = "<group>"; };
		966A6CBB217DB86D00DF872F /* HomeViewController.swift */ = {isa = PBXFileReference; lastKnownFileType = sourcecode.swift; path = HomeViewController.swift; sourceTree = "<group>"; };
		966A6CBE217DBD7F00DF872F /* BuskersViewController.swift */ = {isa = PBXFileReference; lastKnownFileType = sourcecode.swift; path = BuskersViewController.swift; sourceTree = "<group>"; };
		966A6CC0217DBD9F00DF872F /* AgentsViewController.swift */ = {isa = PBXFileReference; lastKnownFileType = sourcecode.swift; path = AgentsViewController.swift; sourceTree = "<group>"; };
		966A6CC2217DBDAF00DF872F /* EventsViewController.swift */ = {isa = PBXFileReference; lastKnownFileType = sourcecode.swift; path = EventsViewController.swift; sourceTree = "<group>"; };
		966A6CC4217DBDC400DF872F /* SettingsViewController.swift */ = {isa = PBXFileReference; lastKnownFileType = sourcecode.swift; path = SettingsViewController.swift; sourceTree = "<group>"; };
		966A6CC6217DC16500DF872F /* Colors.swift */ = {isa = PBXFileReference; lastKnownFileType = sourcecode.swift; path = Colors.swift; sourceTree = "<group>"; };
		966A6CCA217DE6DD00DF872F /* EventsSection.swift */ = {isa = PBXFileReference; lastKnownFileType = sourcecode.swift; path = EventsSection.swift; sourceTree = "<group>"; };
		966A6CCB217DE6DD00DF872F /* EventsSection.xib */ = {isa = PBXFileReference; lastKnownFileType = file.xib; path = EventsSection.xib; sourceTree = "<group>"; };
		966A6CCE217F096700DF872F /* HeaderView.swift */ = {isa = PBXFileReference; lastKnownFileType = sourcecode.swift; path = HeaderView.swift; sourceTree = "<group>"; };
		966A6CCF217F096700DF872F /* HeaderView.xib */ = {isa = PBXFileReference; lastKnownFileType = file.xib; path = HeaderView.xib; sourceTree = "<group>"; };
		966A6CD22180492F00DF872F /* EventsCell.swift */ = {isa = PBXFileReference; lastKnownFileType = sourcecode.swift; path = EventsCell.swift; sourceTree = "<group>"; };
		966A6CD32180492F00DF872F /* EventsCell.xib */ = {isa = PBXFileReference; lastKnownFileType = file.xib; path = EventsCell.xib; sourceTree = "<group>"; };
		966A6CDA218086BC00DF872F /* NewsSectionHeader.swift */ = {isa = PBXFileReference; lastKnownFileType = sourcecode.swift; path = NewsSectionHeader.swift; sourceTree = "<group>"; };
		966A6CDB218086BC00DF872F /* NewsSectionHeader.xib */ = {isa = PBXFileReference; lastKnownFileType = file.xib; path = NewsSectionHeader.xib; sourceTree = "<group>"; };
		966A6CDE21808BB100DF872F /* NewsCellType1.swift */ = {isa = PBXFileReference; lastKnownFileType = sourcecode.swift; path = NewsCellType1.swift; sourceTree = "<group>"; };
		966A6CDF21808BB100DF872F /* NewsCellType1.xib */ = {isa = PBXFileReference; lastKnownFileType = file.xib; path = NewsCellType1.xib; sourceTree = "<group>"; };
		966A6CE22180C15300DF872F /* Assets.xcassets */ = {isa = PBXFileReference; lastKnownFileType = folder.assetcatalog; path = Assets.xcassets; sourceTree = "<group>"; };
		96799FE121889D520074C828 /* Animations.swift */ = {isa = PBXFileReference; lastKnownFileType = sourcecode.swift; path = Animations.swift; sourceTree = "<group>"; };
		96799FE3218AF8E60074C828 /* Hashtag.swift */ = {isa = PBXFileReference; lastKnownFileType = sourcecode.swift; path = Hashtag.swift; sourceTree = "<group>"; };
		96799FE5218C5A270074C828 /* ImageOverlay.swift */ = {isa = PBXFileReference; lastKnownFileType = sourcecode.swift; path = ImageOverlay.swift; sourceTree = "<group>"; };
		96862EB8219ACE1F00F709B0 /* EventDetailsViewController.swift */ = {isa = PBXFileReference; lastKnownFileType = sourcecode.swift; path = EventDetailsViewController.swift; sourceTree = "<group>"; };
		96862EBA219AD8AC00F709B0 /* TabBarHiding.swift */ = {isa = PBXFileReference; lastKnownFileType = sourcecode.swift; path = TabBarHiding.swift; sourceTree = "<group>"; };
		96AC42F022327F9600F9D62C /* MemberCell.swift */ = {isa = PBXFileReference; lastKnownFileType = sourcecode.swift; path = MemberCell.swift; sourceTree = "<group>"; };
		96AC42F122327F9600F9D62C /* MemberCell.xib */ = {isa = PBXFileReference; lastKnownFileType = file.xib; path = MemberCell.xib; sourceTree = "<group>"; };
		96B0BE3F21EDF452003C9BA5 /* HideKeyboard.swift */ = {isa = PBXFileReference; lastKnownFileType = sourcecode.swift; path = HideKeyboard.swift; sourceTree = "<group>"; };
		96B0BE4121EF2235003C9BA5 /* ValidationRules.swift */ = {isa = PBXFileReference; lastKnownFileType = sourcecode.swift; path = ValidationRules.swift; sourceTree = "<group>"; };
		96B0BE4921F056B4003C9BA5 /* LocalKeys.swift */ = {isa = PBXFileReference; lastKnownFileType = sourcecode.swift; path = LocalKeys.swift; sourceTree = "<group>"; };
		96C55413219044D00065D70A /* EventsListViewController.swift */ = {isa = PBXFileReference; lastKnownFileType = sourcecode.swift; path = EventsListViewController.swift; sourceTree = "<group>"; };
		96C5541921918CB90065D70A /* TrendingCell.swift */ = {isa = PBXFileReference; lastKnownFileType = sourcecode.swift; path = TrendingCell.swift; sourceTree = "<group>"; };
		96C5541A21918CB90065D70A /* TrendingCell.xib */ = {isa = PBXFileReference; lastKnownFileType = file.xib; path = TrendingCell.xib; sourceTree = "<group>"; };
		96C5541D219199700065D70A /* TrendingSection.swift */ = {isa = PBXFileReference; lastKnownFileType = sourcecode.swift; path = TrendingSection.swift; sourceTree = "<group>"; };
		96C5541E219199700065D70A /* TrendingSection.xib */ = {isa = PBXFileReference; lastKnownFileType = file.xib; path = TrendingSection.xib; sourceTree = "<group>"; };
		96C554232192C2AC0065D70A /* BookmarkedSection.swift */ = {isa = PBXFileReference; lastKnownFileType = sourcecode.swift; path = BookmarkedSection.swift; sourceTree = "<group>"; };
		96C554242192C2AC0065D70A /* BookmarkedSection.xib */ = {isa = PBXFileReference; lastKnownFileType = file.xib; path = BookmarkedSection.xib; sourceTree = "<group>"; };
		96C554282192C2DF0065D70A /* FollowingSection.swift */ = {isa = PBXFileReference; lastKnownFileType = sourcecode.swift; path = FollowingSection.swift; sourceTree = "<group>"; };
		96C554292192C2DF0065D70A /* FollowingSection.xib */ = {isa = PBXFileReference; lastKnownFileType = file.xib; path = FollowingSection.xib; sourceTree = "<group>"; };
		96C5542C2192C6720065D70A /* FollowingCell.swift */ = {isa = PBXFileReference; lastKnownFileType = sourcecode.swift; path = FollowingCell.swift; sourceTree = "<group>"; };
		96C5542D2192C6730065D70A /* FollowingCell.xib */ = {isa = PBXFileReference; lastKnownFileType = file.xib; path = FollowingCell.xib; sourceTree = "<group>"; };
		96C554302192CBCE0065D70A /* GlobalCornerRadius.swift */ = {isa = PBXFileReference; lastKnownFileType = sourcecode.swift; path = GlobalCornerRadius.swift; sourceTree = "<group>"; };
		96C554382192D9980065D70A /* BookmarkedCell.swift */ = {isa = PBXFileReference; lastKnownFileType = sourcecode.swift; path = BookmarkedCell.swift; sourceTree = "<group>"; };
		96C554392192D9980065D70A /* BookmarkedCell.xib */ = {isa = PBXFileReference; lastKnownFileType = file.xib; path = BookmarkedCell.xib; sourceTree = "<group>"; };
		96C55446219408400065D70A /* FeaturedSectionHeader.swift */ = {isa = PBXFileReference; fileEncoding = 4; lastKnownFileType = sourcecode.swift; path = FeaturedSectionHeader.swift; sourceTree = "<group>"; };
		96C55448219408530065D70A /* FeaturedSectionHeader.xib */ = {isa = PBXFileReference; fileEncoding = 4; lastKnownFileType = file.xib; path = FeaturedSectionHeader.xib; sourceTree = "<group>"; };
		96C55449219408560065D70A /* FeaturedCell.swift */ = {isa = PBXFileReference; fileEncoding = 4; lastKnownFileType = sourcecode.swift; path = FeaturedCell.swift; sourceTree = "<group>"; };
		96C5544A219408560065D70A /* FeaturedCell.xib */ = {isa = PBXFileReference; fileEncoding = 4; lastKnownFileType = file.xib; path = FeaturedCell.xib; sourceTree = "<group>"; };
		96C5544F219438F00065D70A /* PagedCollectionViewLayout.swift */ = {isa = PBXFileReference; lastKnownFileType = sourcecode.swift; path = PagedCollectionViewLayout.swift; sourceTree = "<group>"; };
		96C9899322169CEB00170609 /* NewsDetailViewController.swift */ = {isa = PBXFileReference; lastKnownFileType = sourcecode.swift; path = NewsDetailViewController.swift; sourceTree = "<group>"; };
		96C989972216C98C00170609 /* NewsDetailImageCell.swift */ = {isa = PBXFileReference; lastKnownFileType = sourcecode.swift; path = NewsDetailImageCell.swift; sourceTree = "<group>"; };
		96C989982216C98C00170609 /* NewsDetailImageCell.xib */ = {isa = PBXFileReference; lastKnownFileType = file.xib; path = NewsDetailImageCell.xib; sourceTree = "<group>"; };
		96C9899B221FFA4100170609 /* UIScrollView.swift */ = {isa = PBXFileReference; lastKnownFileType = sourcecode.swift; path = UIScrollView.swift; sourceTree = "<group>"; };
		96C9899D2220307600170609 /* UILabel.swift */ = {isa = PBXFileReference; lastKnownFileType = sourcecode.swift; path = UILabel.swift; sourceTree = "<group>"; };
		96EA375121B528E900E9DB74 /* DetailsImageCell.swift */ = {isa = PBXFileReference; lastKnownFileType = sourcecode.swift; path = DetailsImageCell.swift; sourceTree = "<group>"; };
		96EA375221B528E900E9DB74 /* DetailsImageCell.xib */ = {isa = PBXFileReference; lastKnownFileType = file.xib; path = DetailsImageCell.xib; sourceTree = "<group>"; };
		96EA375521B66BBC00E9DB74 /* ImageViewerHelper.swift */ = {isa = PBXFileReference; lastKnownFileType = sourcecode.swift; path = ImageViewerHelper.swift; sourceTree = "<group>"; };
		96F5308421EC68FD007BCCB0 /* UIVisualEffectView.swift */ = {isa = PBXFileReference; lastKnownFileType = sourcecode.swift; path = UIVisualEffectView.swift; sourceTree = "<group>"; };
		CA550AA221706A65008E493D /* major-7-ios.app */ = {isa = PBXFileReference; explicitFileType = wrapper.application; includeInIndex = 0; path = "major-7-ios.app"; sourceTree = BUILT_PRODUCTS_DIR; };
		CA550AA521706A65008E493D /* AppDelegate.swift */ = {isa = PBXFileReference; lastKnownFileType = sourcecode.swift; path = AppDelegate.swift; sourceTree = "<group>"; };
		CA550AAA21706A65008E493D /* Base */ = {isa = PBXFileReference; lastKnownFileType = file.storyboard; name = Base; path = Base.lproj/Main.storyboard; sourceTree = "<group>"; };
		CA550AAD21706A65008E493D /* major_7_ios.xcdatamodel */ = {isa = PBXFileReference; lastKnownFileType = wrapper.xcdatamodel; path = major_7_ios.xcdatamodel; sourceTree = "<group>"; };
		CA550AB221706A66008E493D /* Base */ = {isa = PBXFileReference; lastKnownFileType = file.storyboard; name = Base; path = Base.lproj/LaunchScreen.storyboard; sourceTree = "<group>"; };
		CA550AB421706A66008E493D /* Info.plist */ = {isa = PBXFileReference; lastKnownFileType = text.plist.xml; path = Info.plist; sourceTree = "<group>"; };
		F1225E86414DB82679F9522A /* Pods-major-7-ios.release.xcconfig */ = {isa = PBXFileReference; includeInIndex = 1; lastKnownFileType = text.xcconfig; name = "Pods-major-7-ios.release.xcconfig"; path = "Pods/Target Support Files/Pods-major-7-ios/Pods-major-7-ios.release.xcconfig"; sourceTree = "<group>"; };
/* End PBXFileReference section */

/* Begin PBXFrameworksBuildPhase section */
		CA550A9F21706A65008E493D /* Frameworks */ = {
			isa = PBXFrameworksBuildPhase;
			buildActionMask = 2147483647;
			files = (
				20A96B2F0DADE6B405F6D3CE /* Pods_major_7_ios.framework in Frameworks */,
			);
			runOnlyForDeploymentPostprocessing = 0;
		};
/* End PBXFrameworksBuildPhase section */

/* Begin PBXGroup section */
		7199D6A72D1CD00F830B6893 /* Pods */ = {
			isa = PBXGroup;
			children = (
				85E2A7C70D0DC04C0984E968 /* Pods-major-7-ios.debug.xcconfig */,
				F1225E86414DB82679F9522A /* Pods-major-7-ios.release.xcconfig */,
			);
			name = Pods;
			sourceTree = "<group>";
		};
		7285AA653B7ACB73E9D77D92 /* Frameworks */ = {
			isa = PBXGroup;
			children = (
				72E5F17BF3B3C6876EB735D2 /* Pods_major_7_ios.framework */,
			);
			name = Frameworks;
			sourceTree = "<group>";
		};
		9620021621DDF1640055D070 /* Login */ = {
			isa = PBXGroup;
			children = (
				9620021721DDFC320055D070 /* LoginViewController.swift */,
				9620021B21DDFDED0055D070 /* LoginView.swift */,
				9620021921DDFDC20055D070 /* LoginView.xib */,
			);
			name = Login;
			sourceTree = "<group>";
		};
		9620022421E4AE0B0055D070 /* GIFs */ = {
			isa = PBXGroup;
			children = (
				9620025921E5CED00055D070 /* gif0.gif */,
				9620022221E4ACED0055D070 /* gif1.gif */,
				9620022721E4AEFF0055D070 /* gif2.gif */,
				9620022521E4AEFE0055D070 /* gif3.gif */,
				9620022821E4AEFF0055D070 /* gif4.gif */,
				9620023821E4B3A70055D070 /* gif5.gif */,
				9620025B21E5CF1B0055D070 /* gif6.gif */,
				9620023A21E4B3A80055D070 /* gif7.gif */,
				9620023121E4B1380055D070 /* gif8.gif */,
				9620023221E4B1390055D070 /* gif9.gif */,
				9620023721E4B3A70055D070 /* gif10.gif */,
				9620025621E4F58E0055D070 /* gif11.gif */,
			);
			path = GIFs;
			sourceTree = "<group>";
		};
		964761EA2186F6D30004F58C /* Models */ = {
			isa = PBXGroup;
			children = (
				96B0BE4921F056B4003C9BA5 /* LocalKeys.swift */,
				965838B22181C5A4000FE8B0 /* News.swift */,
				96625F7821C7859E0086A2B2 /* Event.swift */,
				96625F7E21C8C8030086A2B2 /* EventDetails.swift */,
				96625F7621C785670086A2B2 /* Image.swift */,
			);
			path = Models;
			sourceTree = "<group>";
		};
		964761EB2186FA7C0004F58C /* Service */ = {
			isa = PBXGroup;
			children = (
				964761EC2186FAAD0004F58C /* BaseService.swift */,
				9620021D21DF34B90055D070 /* UserService.swift */,
				964761EE21870EE60004F58C /* NewsService.swift */,
				96625F7A21C793DA0086A2B2 /* EventService.swift */,
			);
			path = Service;
			sourceTree = "<group>";
		};
		965798B022266B0700A03BE9 /* Buskers Tab */ = {
			isa = PBXGroup;
			children = (
				966A6CBE217DBD7F00DF872F /* BuskersViewController.swift */,
				965798B72227B20300A03BE9 /* Busker Profile View */,
			);
			path = "Buskers Tab";
			sourceTree = "<group>";
		};
		965798B72227B20300A03BE9 /* Busker Profile View */ = {
			isa = PBXGroup;
			children = (
				965798B122266BC500A03BE9 /* BuskerProfileViewController.swift */,
				965798B32226706C00A03BE9 /* BuskerProfileImgCell.swift */,
				965798B42226706C00A03BE9 /* BuskerProfileImgCell.xib */,
				96AC42F022327F9600F9D62C /* MemberCell.swift */,
				96AC42F122327F9600F9D62C /* MemberCell.xib */,
			);
			name = "Busker Profile View";
			sourceTree = "<group>";
		};
		965838B12181C4B9000FE8B0 /* Cell Types */ = {
			isa = PBXGroup;
			children = (
				966A6CDE21808BB100DF872F /* NewsCellType1.swift */,
				966A6CDF21808BB100DF872F /* NewsCellType1.xib */,
				965838B42181CAE7000FE8B0 /* NewsCellType2.swift */,
				965838B52181CAE7000FE8B0 /* NewsCellType2.xib */,
				965838B82181CAFE000FE8B0 /* NewsCellType3.swift */,
				965838B92181CAFE000FE8B0 /* NewsCellType3.xib */,
				965838BC218317CE000FE8B0 /* NewsCellType4.swift */,
				965838BD218317CE000FE8B0 /* NewsCellType4.xib */,
				965838C021831866000FE8B0 /* NewsCellType5.swift */,
				965838C121831866000FE8B0 /* NewsCellType5.xib */,
			);
			name = "Cell Types";
			sourceTree = "<group>";
		};
		966A6CBD217DBC2C00DF872F /* UI */ = {
			isa = PBXGroup;
			children = (
				9620021621DDF1640055D070 /* Login */,
				966A6CB7217DB5F500DF872F /* TabBarViewController.swift */,
				966A6CC9217DE6AC00DF872F /* Home Tab */,
				965798B022266B0700A03BE9 /* Buskers Tab */,
				96C55412219044710065D70A /* All Events Page */,
				966A6CC0217DBD9F00DF872F /* AgentsViewController.swift */,
				966A6CC2217DBDAF00DF872F /* EventsViewController.swift */,
				966A6CC4217DBDC400DF872F /* SettingsViewController.swift */,
				CA550AA921706A65008E493D /* Main.storyboard */,
			);
			name = UI;
			path = ..;
			sourceTree = "<group>";
		};
		966A6CC8217DC27500DF872F /* Helpers */ = {
			isa = PBXGroup;
			children = (
				966A6CC6217DC16500DF872F /* Colors.swift */,
				96799FE121889D520074C828 /* Animations.swift */,
				96B0BE4121EF2235003C9BA5 /* ValidationRules.swift */,
				96799FE3218AF8E60074C828 /* Hashtag.swift */,
				96799FE5218C5A270074C828 /* ImageOverlay.swift */,
				96C554302192CBCE0065D70A /* GlobalCornerRadius.swift */,
				96C5544F219438F00065D70A /* PagedCollectionViewLayout.swift */,
				960A475F219AA8FE00780AD4 /* HapticFeedback.swift */,
				96862EBA219AD8AC00F709B0 /* TabBarHiding.swift */,
				96EA375521B66BBC00E9DB74 /* ImageViewerHelper.swift */,
				9658789B21C0FC70005B491A /* FloatyBtn.swift */,
				96625F7C21C7ABFE0086A2B2 /* GradientLayer.swift */,
				9620025D21E5E5480055D070 /* UIView+Xib.swift */,
				96F5308421EC68FD007BCCB0 /* UIVisualEffectView.swift */,
				96B0BE3F21EDF452003C9BA5 /* HideKeyboard.swift */,
				9662425321F24D2200EF7695 /* ArrayExtension.swift */,
				9662425521F25F1900EF7695 /* NotificationNames.swift */,
				96C9899B221FFA4100170609 /* UIScrollView.swift */,
				96C9899D2220307600170609 /* UILabel.swift */,
			);
			path = Helpers;
			sourceTree = "<group>";
		};
		966A6CC9217DE6AC00DF872F /* Home Tab */ = {
			isa = PBXGroup;
			children = (
				966A6CBB217DB86D00DF872F /* HomeViewController.swift */,
				966A6CCE217F096700DF872F /* HeaderView.swift */,
				966A6CCF217F096700DF872F /* HeaderView.xib */,
				966A6CD621804C8900DF872F /* Events Section */,
				966A6CD92180868A00DF872F /* News Section */,
			);
			path = "Home Tab";
			sourceTree = "<group>";
		};
		966A6CD621804C8900DF872F /* Events Section */ = {
			isa = PBXGroup;
			children = (
				966A6CCA217DE6DD00DF872F /* EventsSection.swift */,
				966A6CCB217DE6DD00DF872F /* EventsSection.xib */,
				966A6CD22180492F00DF872F /* EventsCell.swift */,
				966A6CD32180492F00DF872F /* EventsCell.xib */,
			);
			path = "Events Section";
			sourceTree = "<group>";
		};
		966A6CD92180868A00DF872F /* News Section */ = {
			isa = PBXGroup;
			children = (
				966A6CDA218086BC00DF872F /* NewsSectionHeader.swift */,
				966A6CDB218086BC00DF872F /* NewsSectionHeader.xib */,
				965838B12181C4B9000FE8B0 /* Cell Types */,
				96C9899322169CEB00170609 /* NewsDetailViewController.swift */,
				96C989972216C98C00170609 /* NewsDetailImageCell.swift */,
				96C989982216C98C00170609 /* NewsDetailImageCell.xib */,
			);
			path = "News Section";
			sourceTree = "<group>";
		};
		9681E77E21955E5000B4F80A /* Following Section */ = {
			isa = PBXGroup;
			children = (
				96C554282192C2DF0065D70A /* FollowingSection.swift */,
				96C554292192C2DF0065D70A /* FollowingSection.xib */,
				96C5542C2192C6720065D70A /* FollowingCell.swift */,
				96C5542D2192C6730065D70A /* FollowingCell.xib */,
			);
			name = "Following Section";
			sourceTree = "<group>";
		};
		96C55412219044710065D70A /* All Events Page */ = {
			isa = PBXGroup;
			children = (
				96C55413219044D00065D70A /* EventsListViewController.swift */,
				96EA375021B5271100E9DB74 /* Event Details Page */,
				96C554212192BF0F0065D70A /* Trending Section */,
				9681E77E21955E5000B4F80A /* Following Section */,
				96C554372192D8E50065D70A /* Bookmark Section */,
				96C5545421943B020065D70A /* Featured Section */,
			);
			path = "All Events Page";
			sourceTree = "<group>";
		};
		96C554212192BF0F0065D70A /* Trending Section */ = {
			isa = PBXGroup;
			children = (
				96C5541D219199700065D70A /* TrendingSection.swift */,
				96C5541E219199700065D70A /* TrendingSection.xib */,
				96C5541921918CB90065D70A /* TrendingCell.swift */,
				96C5541A21918CB90065D70A /* TrendingCell.xib */,
			);
			name = "Trending Section";
			sourceTree = "<group>";
		};
		96C554372192D8E50065D70A /* Bookmark Section */ = {
			isa = PBXGroup;
			children = (
				96C554232192C2AC0065D70A /* BookmarkedSection.swift */,
				96C554242192C2AC0065D70A /* BookmarkedSection.xib */,
				96C554382192D9980065D70A /* BookmarkedCell.swift */,
				96C554392192D9980065D70A /* BookmarkedCell.xib */,
			);
			name = "Bookmark Section";
			sourceTree = "<group>";
		};
		96C5545421943B020065D70A /* Featured Section */ = {
			isa = PBXGroup;
			children = (
				96C55446219408400065D70A /* FeaturedSectionHeader.swift */,
				96C55448219408530065D70A /* FeaturedSectionHeader.xib */,
				96C55449219408560065D70A /* FeaturedCell.swift */,
				96C5544A219408560065D70A /* FeaturedCell.xib */,
			);
			name = "Featured Section";
			sourceTree = "<group>";
		};
		96EA375021B5271100E9DB74 /* Event Details Page */ = {
			isa = PBXGroup;
			children = (
				96862EB8219ACE1F00F709B0 /* EventDetailsViewController.swift */,
				9639217021ABCA3000BA515A /* EventDetailsView.swift */,
				9639216E21ABC85500BA515A /* EventDetailsView.xib */,
				9639217221AD1C4500BA515A /* HashtagCell.swift */,
				9639217321AD1C4500BA515A /* HashtagCell.xib */,
				96EA375121B528E900E9DB74 /* DetailsImageCell.swift */,
				96EA375221B528E900E9DB74 /* DetailsImageCell.xib */,
			);
			name = "Event Details Page";
			sourceTree = "<group>";
		};
		CA550A9921706A65008E493D = {
			isa = PBXGroup;
			children = (
				CA550AA421706A65008E493D /* major-7-ios */,
				CA550AA321706A65008E493D /* Products */,
				7199D6A72D1CD00F830B6893 /* Pods */,
				7285AA653B7ACB73E9D77D92 /* Frameworks */,
			);
			sourceTree = "<group>";
		};
		CA550AA321706A65008E493D /* Products */ = {
			isa = PBXGroup;
			children = (
				CA550AA221706A65008E493D /* major-7-ios.app */,
			);
			name = Products;
			sourceTree = "<group>";
		};
		CA550AA421706A65008E493D /* major-7-ios */ = {
			isa = PBXGroup;
			children = (
				CA550AA521706A65008E493D /* AppDelegate.swift */,
				966A6CBD217DBC2C00DF872F /* UI */,
				CA550AB121706A66008E493D /* LaunchScreen.storyboard */,
				966A6CE22180C15300DF872F /* Assets.xcassets */,
				CA550AB421706A66008E493D /* Info.plist */,
				CA550AAC21706A65008E493D /* major_7_ios.xcdatamodeld */,
				9620022021E3B17A0055D070 /* GoogleService-Info.plist */,
				964761EB2186FA7C0004F58C /* Service */,
				964761EA2186F6D30004F58C /* Models */,
				966A6CC8217DC27500DF872F /* Helpers */,
				9620022421E4AE0B0055D070 /* GIFs */,
			);
			path = "major-7-ios";
			sourceTree = "<group>";
		};
/* End PBXGroup section */

/* Begin PBXNativeTarget section */
		CA550AA121706A65008E493D /* major-7-ios */ = {
			isa = PBXNativeTarget;
			buildConfigurationList = CA550AB721706A66008E493D /* Build configuration list for PBXNativeTarget "major-7-ios" */;
			buildPhases = (
				994DBE643D51FE5199FD6EBF /* [CP] Check Pods Manifest.lock */,
				CA550A9E21706A65008E493D /* Sources */,
				CA550A9F21706A65008E493D /* Frameworks */,
				CA550AA021706A65008E493D /* Resources */,
				3BE8C27AC7C40BF59CEBE2D9 /* [CP] Embed Pods Frameworks */,
				676F654A7AA3CC92E3609B6F /* [CP] Copy Pods Resources */,
			);
			buildRules = (
			);
			dependencies = (
			);
			name = "major-7-ios";
			productName = "major-7-ios";
			productReference = CA550AA221706A65008E493D /* major-7-ios.app */;
			productType = "com.apple.product-type.application";
		};
/* End PBXNativeTarget section */

/* Begin PBXProject section */
		CA550A9A21706A65008E493D /* Project object */ = {
			isa = PBXProject;
			attributes = {
				LastSwiftUpdateCheck = 1000;
				LastUpgradeCheck = 1000;
				ORGANIZATIONNAME = "Major VII";
				TargetAttributes = {
					CA550AA121706A65008E493D = {
						CreatedOnToolsVersion = 10.0;
					};
				};
			};
			buildConfigurationList = CA550A9D21706A65008E493D /* Build configuration list for PBXProject "major-7-ios" */;
			compatibilityVersion = "Xcode 9.3";
			developmentRegion = en;
			hasScannedForEncodings = 0;
			knownRegions = (
				en,
				Base,
			);
			mainGroup = CA550A9921706A65008E493D;
			productRefGroup = CA550AA321706A65008E493D /* Products */;
			projectDirPath = "";
			projectRoot = "";
			targets = (
				CA550AA121706A65008E493D /* major-7-ios */,
			);
		};
/* End PBXProject section */

/* Begin PBXResourcesBuildPhase section */
		CA550AA021706A65008E493D /* Resources */ = {
			isa = PBXResourcesBuildPhase;
			buildActionMask = 2147483647;
			files = (
				96C5542B2192C2DF0065D70A /* FollowingSection.xib in Resources */,
				CA550AB321706A66008E493D /* LaunchScreen.storyboard in Resources */,
				9620025A21E5CED10055D070 /* gif0.gif in Resources */,
				9620025821E4F58E0055D070 /* gif11.gif in Resources */,
				9620022121E3B17A0055D070 /* GoogleService-Info.plist in Resources */,
				96C5542F2192C6730065D70A /* FollowingCell.xib in Resources */,
				965838C321831866000FE8B0 /* NewsCellType5.xib in Resources */,
				96AC42F322327F9600F9D62C /* MemberCell.xib in Resources */,
				9620025C21E5CF1B0055D070 /* gif6.gif in Resources */,
				96C5543B2192D9980065D70A /* BookmarkedCell.xib in Resources */,
				9620022321E4ACED0055D070 /* gif1.gif in Resources */,
				9620023E21E4B3A80055D070 /* gif7.gif in Resources */,
				96C9899A2216C98C00170609 /* NewsDetailImageCell.xib in Resources */,
				9620022B21E4AF000055D070 /* gif3.gif in Resources */,
				9620023521E4B13A0055D070 /* gif9.gif in Resources */,
				966A6CDD218086BC00DF872F /* NewsSectionHeader.xib in Resources */,
				96C55420219199700065D70A /* TrendingSection.xib in Resources */,
				9620022D21E4AF000055D070 /* gif2.gif in Resources */,
				966A6CD1217F096700DF872F /* HeaderView.xib in Resources */,
				96C5541C21918CB90065D70A /* TrendingCell.xib in Resources */,
				9639217521AD1C4500BA515A /* HashtagCell.xib in Resources */,
				9639216F21ABC85500BA515A /* EventDetailsView.xib in Resources */,
				966A6CD52180492F00DF872F /* EventsCell.xib in Resources */,
				965838BF218317CE000FE8B0 /* NewsCellType4.xib in Resources */,
				965798B62226706C00A03BE9 /* BuskerProfileImgCell.xib in Resources */,
				96EA375421B528E900E9DB74 /* DetailsImageCell.xib in Resources */,
				965838BB2181CAFE000FE8B0 /* NewsCellType3.xib in Resources */,
				966A6CE121808BB100DF872F /* NewsCellType1.xib in Resources */,
				9620022E21E4AF000055D070 /* gif4.gif in Resources */,
				96C5544D219408580065D70A /* FeaturedCell.xib in Resources */,
				9620021A21DDFDC20055D070 /* LoginView.xib in Resources */,
				9620023C21E4B3A80055D070 /* gif5.gif in Resources */,
				9620023421E4B13A0055D070 /* gif8.gif in Resources */,
				966A6CCD217DE6DD00DF872F /* EventsSection.xib in Resources */,
				965838B72181CAE7000FE8B0 /* NewsCellType2.xib in Resources */,
				966A6CE32180C15400DF872F /* Assets.xcassets in Resources */,
				9620023B21E4B3A80055D070 /* gif10.gif in Resources */,
				96C5544B219408580065D70A /* FeaturedSectionHeader.xib in Resources */,
				CA550AAB21706A65008E493D /* Main.storyboard in Resources */,
				96C554262192C2AC0065D70A /* BookmarkedSection.xib in Resources */,
			);
			runOnlyForDeploymentPostprocessing = 0;
		};
/* End PBXResourcesBuildPhase section */

/* Begin PBXShellScriptBuildPhase section */
		3BE8C27AC7C40BF59CEBE2D9 /* [CP] Embed Pods Frameworks */ = {
			isa = PBXShellScriptBuildPhase;
			buildActionMask = 2147483647;
			files = (
			);
			inputPaths = (
				"${SRCROOT}/Pods/Target Support Files/Pods-major-7-ios/Pods-major-7-ios-frameworks.sh",
				"${BUILT_PRODUCTS_DIR}/AMScrollingNavbar/AMScrollingNavbar.framework",
				"${BUILT_PRODUCTS_DIR}/Alamofire/Alamofire.framework",
				"${BUILT_PRODUCTS_DIR}/Bartinter/Bartinter.framework",
				"${BUILT_PRODUCTS_DIR}/Bolts/Bolts.framework",
				"${BUILT_PRODUCTS_DIR}/BouncyLayout/BouncyLayout.framework",
				"${BUILT_PRODUCTS_DIR}/CHIPageControl/CHIPageControl.framework",
				"${BUILT_PRODUCTS_DIR}/CircleMenu/CircleMenu.framework",
				"${BUILT_PRODUCTS_DIR}/DynamicColor/DynamicColor.framework",
				"${BUILT_PRODUCTS_DIR}/FBSDKCoreKit/FBSDKCoreKit.framework",
				"${BUILT_PRODUCTS_DIR}/FBSDKLoginKit/FBSDKLoginKit.framework",
				"${BUILT_PRODUCTS_DIR}/FacebookCore/FacebookCore.framework",
				"${BUILT_PRODUCTS_DIR}/FacebookLogin/FacebookLogin.framework",
				"${BUILT_PRODUCTS_DIR}/Floaty/Floaty.framework",
				"${BUILT_PRODUCTS_DIR}/GTMSessionFetcher/GTMSessionFetcher.framework",
				"${BUILT_PRODUCTS_DIR}/GoogleToolboxForMac/GoogleToolboxForMac.framework",
				"${BUILT_PRODUCTS_DIR}/GoogleUtilities/GoogleUtilities.framework",
				"${BUILT_PRODUCTS_DIR}/Hero/Hero.framework",
				"${BUILT_PRODUCTS_DIR}/ImageViewer/ImageViewer.framework",
				"${BUILT_PRODUCTS_DIR}/JGProgressHUD/JGProgressHUD.framework",
				"${BUILT_PRODUCTS_DIR}/Kingfisher/Kingfisher.framework",
				"${BUILT_PRODUCTS_DIR}/Localize-Swift/Localize_Swift.framework",
				"${BUILT_PRODUCTS_DIR}/MXParallaxHeader/MXParallaxHeader.framework",
				"${BUILT_PRODUCTS_DIR}/NVActivityIndicatorView/NVActivityIndicatorView.framework",
				"${BUILT_PRODUCTS_DIR}/ObjectMapper/ObjectMapper.framework",
				"${BUILT_PRODUCTS_DIR}/Parchment/Parchment.framework",
				"${BUILT_PRODUCTS_DIR}/Pastel/Pastel.framework",
				"${BUILT_PRODUCTS_DIR}/PromiseKit/PromiseKit.framework",
				"${BUILT_PRODUCTS_DIR}/Reqres/Reqres.framework",
				"${BUILT_PRODUCTS_DIR}/SkeletonView/SkeletonView.framework",
				"${BUILT_PRODUCTS_DIR}/SkyFloatingLabelTextField/SkyFloatingLabelTextField.framework",
				"${BUILT_PRODUCTS_DIR}/SnapKit/SnapKit.framework",
				"${BUILT_PRODUCTS_DIR}/SwiftGifOrigin/SwiftGifOrigin.framework",
				"${BUILT_PRODUCTS_DIR}/SwiftMessages/SwiftMessages.framework",
				"${BUILT_PRODUCTS_DIR}/Validator/Validator.framework",
				"${BUILT_PRODUCTS_DIR}/nanopb/nanopb.framework",
			);
			name = "[CP] Embed Pods Frameworks";
			outputPaths = (
				"${TARGET_BUILD_DIR}/${FRAMEWORKS_FOLDER_PATH}/AMScrollingNavbar.framework",
				"${TARGET_BUILD_DIR}/${FRAMEWORKS_FOLDER_PATH}/Alamofire.framework",
				"${TARGET_BUILD_DIR}/${FRAMEWORKS_FOLDER_PATH}/Bartinter.framework",
				"${TARGET_BUILD_DIR}/${FRAMEWORKS_FOLDER_PATH}/Bolts.framework",
				"${TARGET_BUILD_DIR}/${FRAMEWORKS_FOLDER_PATH}/BouncyLayout.framework",
				"${TARGET_BUILD_DIR}/${FRAMEWORKS_FOLDER_PATH}/CHIPageControl.framework",
				"${TARGET_BUILD_DIR}/${FRAMEWORKS_FOLDER_PATH}/CircleMenu.framework",
				"${TARGET_BUILD_DIR}/${FRAMEWORKS_FOLDER_PATH}/DynamicColor.framework",
				"${TARGET_BUILD_DIR}/${FRAMEWORKS_FOLDER_PATH}/FBSDKCoreKit.framework",
				"${TARGET_BUILD_DIR}/${FRAMEWORKS_FOLDER_PATH}/FBSDKLoginKit.framework",
				"${TARGET_BUILD_DIR}/${FRAMEWORKS_FOLDER_PATH}/FacebookCore.framework",
				"${TARGET_BUILD_DIR}/${FRAMEWORKS_FOLDER_PATH}/FacebookLogin.framework",
				"${TARGET_BUILD_DIR}/${FRAMEWORKS_FOLDER_PATH}/Floaty.framework",
				"${TARGET_BUILD_DIR}/${FRAMEWORKS_FOLDER_PATH}/GTMSessionFetcher.framework",
				"${TARGET_BUILD_DIR}/${FRAMEWORKS_FOLDER_PATH}/GoogleToolboxForMac.framework",
				"${TARGET_BUILD_DIR}/${FRAMEWORKS_FOLDER_PATH}/GoogleUtilities.framework",
				"${TARGET_BUILD_DIR}/${FRAMEWORKS_FOLDER_PATH}/Hero.framework",
				"${TARGET_BUILD_DIR}/${FRAMEWORKS_FOLDER_PATH}/ImageViewer.framework",
				"${TARGET_BUILD_DIR}/${FRAMEWORKS_FOLDER_PATH}/JGProgressHUD.framework",
				"${TARGET_BUILD_DIR}/${FRAMEWORKS_FOLDER_PATH}/Kingfisher.framework",
				"${TARGET_BUILD_DIR}/${FRAMEWORKS_FOLDER_PATH}/Localize_Swift.framework",
				"${TARGET_BUILD_DIR}/${FRAMEWORKS_FOLDER_PATH}/MXParallaxHeader.framework",
				"${TARGET_BUILD_DIR}/${FRAMEWORKS_FOLDER_PATH}/NVActivityIndicatorView.framework",
				"${TARGET_BUILD_DIR}/${FRAMEWORKS_FOLDER_PATH}/ObjectMapper.framework",
				"${TARGET_BUILD_DIR}/${FRAMEWORKS_FOLDER_PATH}/Parchment.framework",
				"${TARGET_BUILD_DIR}/${FRAMEWORKS_FOLDER_PATH}/Pastel.framework",
				"${TARGET_BUILD_DIR}/${FRAMEWORKS_FOLDER_PATH}/PromiseKit.framework",
				"${TARGET_BUILD_DIR}/${FRAMEWORKS_FOLDER_PATH}/Reqres.framework",
				"${TARGET_BUILD_DIR}/${FRAMEWORKS_FOLDER_PATH}/SkeletonView.framework",
				"${TARGET_BUILD_DIR}/${FRAMEWORKS_FOLDER_PATH}/SkyFloatingLabelTextField.framework",
				"${TARGET_BUILD_DIR}/${FRAMEWORKS_FOLDER_PATH}/SnapKit.framework",
				"${TARGET_BUILD_DIR}/${FRAMEWORKS_FOLDER_PATH}/SwiftGifOrigin.framework",
				"${TARGET_BUILD_DIR}/${FRAMEWORKS_FOLDER_PATH}/SwiftMessages.framework",
				"${TARGET_BUILD_DIR}/${FRAMEWORKS_FOLDER_PATH}/Validator.framework",
				"${TARGET_BUILD_DIR}/${FRAMEWORKS_FOLDER_PATH}/nanopb.framework",
			);
			runOnlyForDeploymentPostprocessing = 0;
			shellPath = /bin/sh;
			shellScript = "\"${SRCROOT}/Pods/Target Support Files/Pods-major-7-ios/Pods-major-7-ios-frameworks.sh\"\n";
			showEnvVarsInLog = 0;
		};
		676F654A7AA3CC92E3609B6F /* [CP] Copy Pods Resources */ = {
			isa = PBXShellScriptBuildPhase;
			buildActionMask = 2147483647;
			files = (
			);
			inputFileListPaths = (
			);
			inputPaths = (
				"${SRCROOT}/Pods/Target Support Files/Pods-major-7-ios/Pods-major-7-ios-resources.sh",
				"${PODS_ROOT}/GoogleSignIn/Resources/GoogleSignIn.bundle",
			);
			name = "[CP] Copy Pods Resources";
			outputFileListPaths = (
			);
			outputPaths = (
				"${TARGET_BUILD_DIR}/${UNLOCALIZED_RESOURCES_FOLDER_PATH}/GoogleSignIn.bundle",
			);
			runOnlyForDeploymentPostprocessing = 0;
			shellPath = /bin/sh;
			shellScript = "\"${SRCROOT}/Pods/Target Support Files/Pods-major-7-ios/Pods-major-7-ios-resources.sh\"\n";
			showEnvVarsInLog = 0;
		};
		994DBE643D51FE5199FD6EBF /* [CP] Check Pods Manifest.lock */ = {
			isa = PBXShellScriptBuildPhase;
			buildActionMask = 2147483647;
			files = (
			);
			inputPaths = (
				"${PODS_PODFILE_DIR_PATH}/Podfile.lock",
				"${PODS_ROOT}/Manifest.lock",
			);
			name = "[CP] Check Pods Manifest.lock";
			outputPaths = (
				"$(DERIVED_FILE_DIR)/Pods-major-7-ios-checkManifestLockResult.txt",
			);
			runOnlyForDeploymentPostprocessing = 0;
			shellPath = /bin/sh;
			shellScript = "diff \"${PODS_PODFILE_DIR_PATH}/Podfile.lock\" \"${PODS_ROOT}/Manifest.lock\" > /dev/null\nif [ $? != 0 ] ; then\n    # print error to STDERR\n    echo \"error: The sandbox is not in sync with the Podfile.lock. Run 'pod install' or update your CocoaPods installation.\" >&2\n    exit 1\nfi\n# This output is used by Xcode 'outputs' to avoid re-running this script phase.\necho \"SUCCESS\" > \"${SCRIPT_OUTPUT_FILE_0}\"\n";
			showEnvVarsInLog = 0;
		};
/* End PBXShellScriptBuildPhase section */

/* Begin PBXSourcesBuildPhase section */
		CA550A9E21706A65008E493D /* Sources */ = {
			isa = PBXSourcesBuildPhase;
			buildActionMask = 2147483647;
			files = (
				96F5308521EC68FD007BCCB0 /* UIVisualEffectView.swift in Sources */,
				965838BA2181CAFE000FE8B0 /* NewsCellType3.swift in Sources */,
				966A6CD42180492F00DF872F /* EventsCell.swift in Sources */,
				966A6CBC217DB86D00DF872F /* HomeViewController.swift in Sources */,
				96C5543A2192D9980065D70A /* BookmarkedCell.swift in Sources */,
				96C5541F219199700065D70A /* TrendingSection.swift in Sources */,
				960A4760219AA8FE00780AD4 /* HapticFeedback.swift in Sources */,
				96C9899C221FFA4100170609 /* UIScrollView.swift in Sources */,
				964761EF21870EE60004F58C /* NewsService.swift in Sources */,
				966A6CC7217DC16500DF872F /* Colors.swift in Sources */,
				96C5544C219408580065D70A /* FeaturedCell.swift in Sources */,
				965798B222266BC500A03BE9 /* BuskerProfileViewController.swift in Sources */,
				966A6CC3217DBDAF00DF872F /* EventsViewController.swift in Sources */,
				9620025E21E5E5490055D070 /* UIView+Xib.swift in Sources */,
				96625F7B21C793DA0086A2B2 /* EventService.swift in Sources */,
				965798B52226706C00A03BE9 /* BuskerProfileImgCell.swift in Sources */,
				965838BE218317CE000FE8B0 /* NewsCellType4.swift in Sources */,
				96C5541B21918CB90065D70A /* TrendingCell.swift in Sources */,
				96862EBB219AD8AC00F709B0 /* TabBarHiding.swift in Sources */,
				9620021821DDFC320055D070 /* LoginViewController.swift in Sources */,
				96C9899522169CEB00170609 /* NewsDetailViewController.swift in Sources */,
				966A6CCC217DE6DD00DF872F /* EventsSection.swift in Sources */,
				96C989992216C98C00170609 /* NewsDetailImageCell.swift in Sources */,
				9662425421F24D2200EF7695 /* ArrayExtension.swift in Sources */,
				966A6CB8217DB5F500DF872F /* TabBarViewController.swift in Sources */,
				964761ED2186FAAD0004F58C /* BaseService.swift in Sources */,
				96799FE6218C5A280074C828 /* ImageOverlay.swift in Sources */,
				96EA375621B66BBC00E9DB74 /* ImageViewerHelper.swift in Sources */,
				96EA375321B528E900E9DB74 /* DetailsImageCell.swift in Sources */,
				96C5542A2192C2DF0065D70A /* FollowingSection.swift in Sources */,
				966A6CC1217DBD9F00DF872F /* AgentsViewController.swift in Sources */,
				96C55450219438F10065D70A /* PagedCollectionViewLayout.swift in Sources */,
				96C5542E2192C6730065D70A /* FollowingCell.swift in Sources */,
				96C55447219408410065D70A /* FeaturedSectionHeader.swift in Sources */,
				96625F7921C7859E0086A2B2 /* Event.swift in Sources */,
				CA550AAE21706A65008E493D /* major_7_ios.xcdatamodeld in Sources */,
				96625F7721C785670086A2B2 /* Image.swift in Sources */,
				96625F7D21C7ABFE0086A2B2 /* GradientLayer.swift in Sources */,
				96C9899E2220307600170609 /* UILabel.swift in Sources */,
				966A6CD0217F096700DF872F /* HeaderView.swift in Sources */,
				965838B32181C5A4000FE8B0 /* News.swift in Sources */,
				96B0BE4021EDF452003C9BA5 /* HideKeyboard.swift in Sources */,
				966A6CBF217DBD7F00DF872F /* BuskersViewController.swift in Sources */,
				9662425621F25F1900EF7695 /* NotificationNames.swift in Sources */,
				966A6CE021808BB100DF872F /* NewsCellType1.swift in Sources */,
				9620021E21DF34B90055D070 /* UserService.swift in Sources */,
				96C554252192C2AC0065D70A /* BookmarkedSection.swift in Sources */,
				96862EB9219ACE1F00F709B0 /* EventDetailsViewController.swift in Sources */,
				CA550AA621706A65008E493D /* AppDelegate.swift in Sources */,
				965838C221831866000FE8B0 /* NewsCellType5.swift in Sources */,
				96B0BE4221EF2235003C9BA5 /* ValidationRules.swift in Sources */,
				9620021C21DDFDED0055D070 /* LoginView.swift in Sources */,
				96625F7F21C8C8030086A2B2 /* EventDetails.swift in Sources */,
				966A6CC5217DBDC400DF872F /* SettingsViewController.swift in Sources */,
				96799FE4218AF8E70074C828 /* Hashtag.swift in Sources */,
				96C554312192CBCE0065D70A /* GlobalCornerRadius.swift in Sources */,
				96C55414219044D00065D70A /* EventsListViewController.swift in Sources */,
				96B0BE4A21F056B4003C9BA5 /* LocalKeys.swift in Sources */,
				966A6CDC218086BC00DF872F /* NewsSectionHeader.swift in Sources */,
				9639217421AD1C4500BA515A /* HashtagCell.swift in Sources */,
				96AC42F222327F9600F9D62C /* MemberCell.swift in Sources */,
				96799FE221889D520074C828 /* Animations.swift in Sources */,
				9639217121ABCA3000BA515A /* EventDetailsView.swift in Sources */,
				965838B62181CAE7000FE8B0 /* NewsCellType2.swift in Sources */,
				9658789C21C0FC70005B491A /* FloatyBtn.swift in Sources */,
			);
			runOnlyForDeploymentPostprocessing = 0;
		};
/* End PBXSourcesBuildPhase section */

/* Begin PBXVariantGroup section */
		CA550AA921706A65008E493D /* Main.storyboard */ = {
			isa = PBXVariantGroup;
			children = (
				CA550AAA21706A65008E493D /* Base */,
			);
			name = Main.storyboard;
			sourceTree = "<group>";
		};
		CA550AB121706A66008E493D /* LaunchScreen.storyboard */ = {
			isa = PBXVariantGroup;
			children = (
				CA550AB221706A66008E493D /* Base */,
			);
			name = LaunchScreen.storyboard;
			sourceTree = "<group>";
		};
/* End PBXVariantGroup section */

/* Begin XCBuildConfiguration section */
		CA550AB521706A66008E493D /* Debug */ = {
			isa = XCBuildConfiguration;
			buildSettings = {
				ALWAYS_SEARCH_USER_PATHS = NO;
				CLANG_ANALYZER_NONNULL = YES;
				CLANG_ANALYZER_NUMBER_OBJECT_CONVERSION = YES_AGGRESSIVE;
				CLANG_CXX_LANGUAGE_STANDARD = "gnu++14";
				CLANG_CXX_LIBRARY = "libc++";
				CLANG_ENABLE_MODULES = YES;
				CLANG_ENABLE_OBJC_ARC = YES;
				CLANG_ENABLE_OBJC_WEAK = YES;
				CLANG_WARN_BLOCK_CAPTURE_AUTORELEASING = YES;
				CLANG_WARN_BOOL_CONVERSION = YES;
				CLANG_WARN_COMMA = YES;
				CLANG_WARN_CONSTANT_CONVERSION = YES;
				CLANG_WARN_DEPRECATED_OBJC_IMPLEMENTATIONS = YES;
				CLANG_WARN_DIRECT_OBJC_ISA_USAGE = YES_ERROR;
				CLANG_WARN_DOCUMENTATION_COMMENTS = YES;
				CLANG_WARN_EMPTY_BODY = YES;
				CLANG_WARN_ENUM_CONVERSION = YES;
				CLANG_WARN_INFINITE_RECURSION = YES;
				CLANG_WARN_INT_CONVERSION = YES;
				CLANG_WARN_NON_LITERAL_NULL_CONVERSION = YES;
				CLANG_WARN_OBJC_IMPLICIT_RETAIN_SELF = YES;
				CLANG_WARN_OBJC_LITERAL_CONVERSION = YES;
				CLANG_WARN_OBJC_ROOT_CLASS = YES_ERROR;
				CLANG_WARN_RANGE_LOOP_ANALYSIS = YES;
				CLANG_WARN_STRICT_PROTOTYPES = YES;
				CLANG_WARN_SUSPICIOUS_MOVE = YES;
				CLANG_WARN_UNGUARDED_AVAILABILITY = YES_AGGRESSIVE;
				CLANG_WARN_UNREACHABLE_CODE = YES;
				CLANG_WARN__DUPLICATE_METHOD_MATCH = YES;
				CODE_SIGN_IDENTITY = "iPhone Developer";
				COPY_PHASE_STRIP = NO;
				DEBUG_INFORMATION_FORMAT = dwarf;
				ENABLE_STRICT_OBJC_MSGSEND = YES;
				ENABLE_TESTABILITY = YES;
				GCC_C_LANGUAGE_STANDARD = gnu11;
				GCC_DYNAMIC_NO_PIC = NO;
				GCC_NO_COMMON_BLOCKS = YES;
				GCC_OPTIMIZATION_LEVEL = 0;
				GCC_PREPROCESSOR_DEFINITIONS = (
					"DEBUG=1",
					"$(inherited)",
				);
				GCC_WARN_64_TO_32_BIT_CONVERSION = YES;
				GCC_WARN_ABOUT_RETURN_TYPE = YES_ERROR;
				GCC_WARN_UNDECLARED_SELECTOR = YES;
				GCC_WARN_UNINITIALIZED_AUTOS = YES_AGGRESSIVE;
				GCC_WARN_UNUSED_FUNCTION = YES;
				GCC_WARN_UNUSED_VARIABLE = YES;
				IPHONEOS_DEPLOYMENT_TARGET = 11.0;
				MTL_ENABLE_DEBUG_INFO = INCLUDE_SOURCE;
				MTL_FAST_MATH = YES;
				ONLY_ACTIVE_ARCH = YES;
				SDKROOT = iphoneos;
				SWIFT_ACTIVE_COMPILATION_CONDITIONS = DEBUG;
				SWIFT_OPTIMIZATION_LEVEL = "-Onone";
			};
			name = Debug;
		};
		CA550AB621706A66008E493D /* Release */ = {
			isa = XCBuildConfiguration;
			buildSettings = {
				ALWAYS_SEARCH_USER_PATHS = NO;
				CLANG_ANALYZER_NONNULL = YES;
				CLANG_ANALYZER_NUMBER_OBJECT_CONVERSION = YES_AGGRESSIVE;
				CLANG_CXX_LANGUAGE_STANDARD = "gnu++14";
				CLANG_CXX_LIBRARY = "libc++";
				CLANG_ENABLE_MODULES = YES;
				CLANG_ENABLE_OBJC_ARC = YES;
				CLANG_ENABLE_OBJC_WEAK = YES;
				CLANG_WARN_BLOCK_CAPTURE_AUTORELEASING = YES;
				CLANG_WARN_BOOL_CONVERSION = YES;
				CLANG_WARN_COMMA = YES;
				CLANG_WARN_CONSTANT_CONVERSION = YES;
				CLANG_WARN_DEPRECATED_OBJC_IMPLEMENTATIONS = YES;
				CLANG_WARN_DIRECT_OBJC_ISA_USAGE = YES_ERROR;
				CLANG_WARN_DOCUMENTATION_COMMENTS = YES;
				CLANG_WARN_EMPTY_BODY = YES;
				CLANG_WARN_ENUM_CONVERSION = YES;
				CLANG_WARN_INFINITE_RECURSION = YES;
				CLANG_WARN_INT_CONVERSION = YES;
				CLANG_WARN_NON_LITERAL_NULL_CONVERSION = YES;
				CLANG_WARN_OBJC_IMPLICIT_RETAIN_SELF = YES;
				CLANG_WARN_OBJC_LITERAL_CONVERSION = YES;
				CLANG_WARN_OBJC_ROOT_CLASS = YES_ERROR;
				CLANG_WARN_RANGE_LOOP_ANALYSIS = YES;
				CLANG_WARN_STRICT_PROTOTYPES = YES;
				CLANG_WARN_SUSPICIOUS_MOVE = YES;
				CLANG_WARN_UNGUARDED_AVAILABILITY = YES_AGGRESSIVE;
				CLANG_WARN_UNREACHABLE_CODE = YES;
				CLANG_WARN__DUPLICATE_METHOD_MATCH = YES;
				CODE_SIGN_IDENTITY = "iPhone Developer";
				COPY_PHASE_STRIP = NO;
				DEBUG_INFORMATION_FORMAT = "dwarf-with-dsym";
				ENABLE_NS_ASSERTIONS = NO;
				ENABLE_STRICT_OBJC_MSGSEND = YES;
				GCC_C_LANGUAGE_STANDARD = gnu11;
				GCC_NO_COMMON_BLOCKS = YES;
				GCC_WARN_64_TO_32_BIT_CONVERSION = YES;
				GCC_WARN_ABOUT_RETURN_TYPE = YES_ERROR;
				GCC_WARN_UNDECLARED_SELECTOR = YES;
				GCC_WARN_UNINITIALIZED_AUTOS = YES_AGGRESSIVE;
				GCC_WARN_UNUSED_FUNCTION = YES;
				GCC_WARN_UNUSED_VARIABLE = YES;
				IPHONEOS_DEPLOYMENT_TARGET = 11.0;
				MTL_ENABLE_DEBUG_INFO = NO;
				MTL_FAST_MATH = YES;
				SDKROOT = iphoneos;
				SWIFT_COMPILATION_MODE = wholemodule;
				SWIFT_OPTIMIZATION_LEVEL = "-O";
				VALIDATE_PRODUCT = YES;
			};
			name = Release;
		};
		CA550AB821706A66008E493D /* Debug */ = {
			isa = XCBuildConfiguration;
			baseConfigurationReference = 85E2A7C70D0DC04C0984E968 /* Pods-major-7-ios.debug.xcconfig */;
			buildSettings = {
				ASSETCATALOG_COMPILER_APPICON_NAME = AppIcon;
				CODE_SIGN_STYLE = Automatic;
				DEVELOPMENT_TEAM = PAL4UT34MD;
				INFOPLIST_FILE = "major-7-ios/Info.plist";
				IPHONEOS_DEPLOYMENT_TARGET = 11.0;
				LD_RUNPATH_SEARCH_PATHS = (
					"$(inherited)",
					"@executable_path/Frameworks",
				);
				PRODUCT_BUNDLE_IDENTIFIER = app.major7.ios;
				PRODUCT_NAME = "$(TARGET_NAME)";
				SWIFT_VERSION = 4.2;
				TARGETED_DEVICE_FAMILY = 1;
			};
			name = Debug;
		};
		CA550AB921706A66008E493D /* Release */ = {
			isa = XCBuildConfiguration;
			baseConfigurationReference = F1225E86414DB82679F9522A /* Pods-major-7-ios.release.xcconfig */;
			buildSettings = {
				ASSETCATALOG_COMPILER_APPICON_NAME = AppIcon;
				CODE_SIGN_STYLE = Automatic;
				DEVELOPMENT_TEAM = PAL4UT34MD;
				INFOPLIST_FILE = "major-7-ios/Info.plist";
				IPHONEOS_DEPLOYMENT_TARGET = 11.0;
				LD_RUNPATH_SEARCH_PATHS = (
					"$(inherited)",
					"@executable_path/Frameworks",
				);
				PRODUCT_BUNDLE_IDENTIFIER = app.major7.ios;
				PRODUCT_NAME = "$(TARGET_NAME)";
				SWIFT_VERSION = 4.2;
				TARGETED_DEVICE_FAMILY = 1;
			};
			name = Release;
		};
/* End XCBuildConfiguration section */

/* Begin XCConfigurationList section */
		CA550A9D21706A65008E493D /* Build configuration list for PBXProject "major-7-ios" */ = {
			isa = XCConfigurationList;
			buildConfigurations = (
				CA550AB521706A66008E493D /* Debug */,
				CA550AB621706A66008E493D /* Release */,
			);
			defaultConfigurationIsVisible = 0;
			defaultConfigurationName = Release;
		};
		CA550AB721706A66008E493D /* Build configuration list for PBXNativeTarget "major-7-ios" */ = {
			isa = XCConfigurationList;
			buildConfigurations = (
				CA550AB821706A66008E493D /* Debug */,
				CA550AB921706A66008E493D /* Release */,
			);
			defaultConfigurationIsVisible = 0;
			defaultConfigurationName = Release;
		};
/* End XCConfigurationList section */

/* Begin XCVersionGroup section */
		CA550AAC21706A65008E493D /* major_7_ios.xcdatamodeld */ = {
			isa = XCVersionGroup;
			children = (
				CA550AAD21706A65008E493D /* major_7_ios.xcdatamodel */,
			);
			currentVersion = CA550AAD21706A65008E493D /* major_7_ios.xcdatamodel */;
			path = major_7_ios.xcdatamodeld;
			sourceTree = "<group>";
			versionGroupType = wrapper.xcdatamodel;
		};
/* End XCVersionGroup section */
	};
	rootObject = CA550A9A21706A65008E493D /* Project object */;
}
