PODS:
  - Alamofire (4.8.0)
  - AMScrollingNavbar (5.2.0)
  - Bartinter (0.0.4)
  - Bolts (1.9.0):
    - Bolts/AppLinks (= 1.9.0)
    - Bolts/Tasks (= 1.9.0)
  - Bolts/AppLinks (1.9.0):
    - Bolts/Tasks
  - Bolts/Tasks (1.9.0)
  - BouncyLayout (2.1.0)
  - CHIPageControl (0.1.7):
    - CHIPageControl/Aji (= 0.1.7)
    - CHIPageControl/Aleppo (= 0.1.7)
    - CHIPageControl/Chimayo (= 0.1.7)
    - CHIPageControl/Fresno (= 0.1.7)
    - CHIPageControl/Jalapeno (= 0.1.7)
    - CHIPageControl/Jaloro (= 0.1.7)
    - CHIPageControl/Paprika (= 0.1.7)
    - CHIPageControl/Puya (= 0.1.7)
  - CHIPageControl/Aji (0.1.7)
  - CHIPageControl/Aleppo (0.1.7)
  - CHIPageControl/Chimayo (0.1.7)
  - CHIPageControl/Fresno (0.1.7)
  - CHIPageControl/Jalapeno (0.1.7)
  - CHIPageControl/Jaloro (0.1.7)
  - CHIPageControl/Paprika (0.1.7)
  - CHIPageControl/Puya (0.1.7)
  - CocoaProxy (0.1.1)
  - DynamicColor (4.0.3)
  - FacebookCore (0.5.0):
    - Bolts (~> 1.9)
    - FBSDKCoreKit (~> 4.37)
  - FacebookLogin (0.5.0):
    - Bolts (~> 1.9)
    - FacebookCore (~> 0.5)
    - FBSDKCoreKit (~> 4.37)
    - FBSDKLoginKit (~> 4.37)
  - FBSDKCoreKit (4.38.1):
    - Bolts (~> 1.9)
  - FBSDKLoginKit (4.38.1):
    - FBSDKCoreKit
  - Firebase/Core (5.15.0):
    - Firebase/CoreOnly
    - FirebaseAnalytics (= 5.4.0)
  - Firebase/CoreOnly (5.15.0):
    - FirebaseCore (= 5.1.10)
  - FirebaseAnalytics (5.4.0):
    - FirebaseCore (~> 5.1)
    - FirebaseInstanceID (~> 3.3)
    - GoogleAppMeasurement (= 5.4.0)
    - GoogleUtilities/AppDelegateSwizzler (~> 5.2)
    - GoogleUtilities/MethodSwizzler (~> 5.2)
    - GoogleUtilities/Network (~> 5.2)
    - "GoogleUtilities/NSData+zlib (~> 5.2)"
    - nanopb (~> 0.3)
  - FirebaseCore (5.1.10):
    - GoogleUtilities/Logger (~> 5.2)
  - FirebaseInstanceID (3.3.0):
    - FirebaseCore (~> 5.1)
    - GoogleUtilities/Environment (~> 5.3)
    - GoogleUtilities/UserDefaults (~> 5.3)
  - FloatingPanel (1.4.0)
  - Floaty (4.1.0)
  - fluid-slider (1.0.1):
    - pop
  - GlitchLabel (2.0.0)
  - GoogleAppMeasurement (5.4.0):
    - GoogleUtilities/AppDelegateSwizzler (~> 5.2)
    - GoogleUtilities/MethodSwizzler (~> 5.2)
    - GoogleUtilities/Network (~> 5.2)
    - "GoogleUtilities/NSData+zlib (~> 5.2)"
    - nanopb (~> 0.3)
  - GoogleMaps (3.0.3):
    - GoogleMaps/Maps (= 3.0.3)
  - GoogleMaps/Base (3.0.3)
  - GoogleMaps/Maps (3.0.3):
    - GoogleMaps/Base
  - GoogleSignIn (4.4.0):
    - "GoogleToolboxForMac/NSDictionary+URLArguments (~> 2.1)"
    - "GoogleToolboxForMac/NSString+URLArguments (~> 2.1)"
    - GTMSessionFetcher/Core (~> 1.1)
  - GoogleToolboxForMac/DebugUtils (2.2.0):
    - GoogleToolboxForMac/Defines (= 2.2.0)
  - GoogleToolboxForMac/Defines (2.2.0)
  - "GoogleToolboxForMac/NSDictionary+URLArguments (2.2.0)":
    - GoogleToolboxForMac/DebugUtils (= 2.2.0)
    - GoogleToolboxForMac/Defines (= 2.2.0)
    - "GoogleToolboxForMac/NSString+URLArguments (= 2.2.0)"
  - "GoogleToolboxForMac/NSString+URLArguments (2.2.0)"
  - GoogleUtilities/AppDelegateSwizzler (5.3.6):
    - GoogleUtilities/Environment
    - GoogleUtilities/Logger
    - GoogleUtilities/Network
  - GoogleUtilities/Environment (5.3.6)
  - GoogleUtilities/Logger (5.3.6):
    - GoogleUtilities/Environment
  - GoogleUtilities/MethodSwizzler (5.3.6):
    - GoogleUtilities/Logger
  - GoogleUtilities/Network (5.3.6):
    - GoogleUtilities/Logger
    - "GoogleUtilities/NSData+zlib"
    - GoogleUtilities/Reachability
  - "GoogleUtilities/NSData+zlib (5.3.6)"
  - GoogleUtilities/Reachability (5.3.6):
    - GoogleUtilities/Logger
  - GoogleUtilities/UserDefaults (5.3.6):
    - GoogleUtilities/Logger
  - GTMSessionFetcher/Core (1.2.1)
  - Hero (1.4.0)
  - ImageViewer (5.0.0)
  - InfiniteLayout (0.3):
    - CocoaProxy (~> 0)
    - InfiniteLayout/Core (= 0.3)
  - InfiniteLayout/Core (0.3):
    - CocoaProxy (~> 0)
  - JGProgressHUD (2.0.3)
  - Kingfisher (5.0.1)
  - Localize-Swift (2.0.0)
  - MXParallaxHeader (0.6.1)
  - nanopb (0.3.901):
    - nanopb/decode (= 0.3.901)
    - nanopb/encode (= 0.3.901)
  - nanopb/decode (0.3.901)
  - nanopb/encode (0.3.901)
  - NVActivityIndicatorView (4.4.1):
    - NVActivityIndicatorView/Presenter (= 4.4.1)
  - NVActivityIndicatorView/Presenter (4.4.1)
  - ObjectMapper (3.4.1)
  - Parchment (1.5.0)
  - Pastel (0.5.1)
  - PIPKit (0.0.2)
  - pop (1.0.12)
  - PromiseKit/CorePromise (6.7.0)
  - Reqres (3.0.0)
  - SkeletonView (1.4.1)
  - SkyFloatingLabelTextField (3.6.0)
  - SnapKit (4.0.1)
  - SwiftGifOrigin (1.6.1)
  - SwiftMessages (6.0.1):
    - SwiftMessages/App (= 6.0.1)
  - SwiftMessages/App (6.0.1)
  - Validator (3.1.1)
  - XCDYouTubeKit (2.7.3)

DEPENDENCIES:
  - Alamofire (~> 4.7)
  - AMScrollingNavbar
  - Bartinter
  - BouncyLayout
  - CHIPageControl (~> 0.1.3)
  - DynamicColor (~> 4.0.2)
  - FacebookCore
  - FacebookLogin
  - FBSDKCoreKit (~> 4.38.0)
  - FBSDKLoginKit (~> 4.38.0)
  - Firebase/Core
  - FloatingPanel
  - Floaty (~> 4.1.0)
  - fluid-slider
  - GlitchLabel (from `https://github.com/kikikiktai/GlitchLabel.git`)
  - GoogleMaps
  - GoogleSignIn
  - Hero
  - ImageViewer (from `https://github.com/mezhevikin/ImageViewer`)
  - InfiniteLayout
  - JGProgressHUD
  - Kingfisher
  - Localize-Swift (~> 2.0)
  - MXParallaxHeader
  - NVActivityIndicatorView
  - ObjectMapper
  - Parchment
  - Pastel
  - PIPKit
  - PromiseKit/CorePromise (~> 6.0)
  - Reqres
  - SkeletonView
  - SkyFloatingLabelTextField (~> 3.0)
  - SnapKit (~> 4.0.0)
  - SwiftGifOrigin (~> 1.6.1)
  - SwiftMessages
  - Validator (from `https://github.com/kikikiktai/Validator.git`)
  - XCDYouTubeKit (~> 2.7.3)

SPEC REPOS:
  https://github.com/cocoapods/specs.git:
    - Alamofire
    - AMScrollingNavbar
    - Bartinter
    - Bolts
    - BouncyLayout
    - CHIPageControl
    - CocoaProxy
    - DynamicColor
    - FacebookCore
    - FacebookLogin
    - FBSDKCoreKit
    - FBSDKLoginKit
    - Firebase
    - FirebaseAnalytics
    - FirebaseCore
    - FirebaseInstanceID
    - FloatingPanel
    - Floaty
    - fluid-slider
    - GoogleAppMeasurement
    - GoogleMaps
    - GoogleSignIn
    - GoogleToolboxForMac
    - GoogleUtilities
    - GTMSessionFetcher
    - Hero
    - InfiniteLayout
    - JGProgressHUD
    - Kingfisher
    - Localize-Swift
    - MXParallaxHeader
    - nanopb
    - NVActivityIndicatorView
    - ObjectMapper
    - Parchment
    - Pastel
    - PIPKit
    - pop
    - PromiseKit
    - Reqres
    - SkeletonView
    - SkyFloatingLabelTextField
    - SnapKit
    - SwiftGifOrigin
    - SwiftMessages
    - XCDYouTubeKit

EXTERNAL SOURCES:
  GlitchLabel:
    :git: https://github.com/kikikiktai/GlitchLabel.git
  ImageViewer:
    :git: https://github.com/mezhevikin/ImageViewer
  Validator:
    :git: https://github.com/kikikiktai/Validator.git

CHECKOUT OPTIONS:
  GlitchLabel:
    :commit: 3eef1aa36f2c5962c11ea5c7ba53bb768207f41d
    :git: https://github.com/kikikiktai/GlitchLabel.git
  ImageViewer:
    :commit: 9ceca031cc78af6f7d80e20e29aeafda0ef41859
    :git: https://github.com/mezhevikin/ImageViewer
  Validator:
    :commit: be4055d26109ef048c73bf16f60e2fcbc1a26e77
    :git: https://github.com/kikikiktai/Validator.git

SPEC CHECKSUMS:
  Alamofire: 3ec537f71edc9804815215393ae2b1a8ea33a844
  AMScrollingNavbar: 9df3652d6757f1a24646d8e90cb458591d8b1a6a
  Bartinter: cfc2ebf2fb8560a7d878dcbdc7d3c667c79090c9
  Bolts: ac6567323eac61e203f6a9763667d0f711be34c8
  BouncyLayout: a7955879861375cc4e88bb64d42bcf622cd2694c
  CHIPageControl: bbe1ddd0c688c02ec65b7f7e7d34551a3d16f37c
  CocoaProxy: 35ab81e24325b33834cffe45a3d1fd48ca67ef3a
  DynamicColor: bf19b33fe404c59a68e64af95cc6b017346e7e75
  FacebookCore: 74288d0add931d361b1596beae787ab72c438249
  FacebookLogin: ebcf34714a1cb9f0759d9f071cfb01ed500996cf
  FBSDKCoreKit: 8d47857400e2f5bdea697a80daff882e91c84ef6
  FBSDKLoginKit: 4621c690d9dd8628031a4791497062183ea34b0d
  Firebase: 8bb9268bff82374f2cbaaabb143e725743c316ae
  FirebaseAnalytics: c06f9d70577d79074214700a71fd5d39de5550fb
  FirebaseCore: 35747502d9e8c6ee217385ad04446c7c2aaf9c5c
  FirebaseInstanceID: e2fa4cb35ef5558c200f7f0ad8a53e212215f93e
  FloatingPanel: 1449e7c4b9994e394f2de685b2ad6dd93da06333
  Floaty: 1a4e213f3512cf3045ef9cb0c1ff456226d1f66a
  fluid-slider: a66a35daa20ca1f22c532daa703b9935818b0422
  GlitchLabel: 65773d1df358ef66c8daa40428eb79bd04e7a976
  GoogleAppMeasurement: 98b71f5e04142793729a5ef23e5b96651ff4b70f
  GoogleMaps: fd5c9fa58871781b9fb94d4936f19c69fe60ce32
  GoogleSignIn: 7ff245e1a7b26d379099d3243a562f5747e23d39
  GoogleToolboxForMac: ff31605b7d66400dcec09bed5861689aebadda4d
  GoogleUtilities: 95996bea7c7d9b8fb811b7507669a4a8762f80c7
  GTMSessionFetcher: 32aeca0aa144acea523e1c8e053089dec2cb98ca
  Hero: bac92350d7201a1a940003e0767c7b52ce7c99a1
  ImageViewer: 997018c2f4f7f9830602349bbcc3b2b776424942
  InfiniteLayout: 24d5e5ea1528bb86ee00a4e3c02f93fdb38e3f68
  JGProgressHUD: 12b20a8f4ffe05258f8635c1ab92816e451f904d
  Kingfisher: 4f771421b9208185217550528a06fd48756cb7c2
  Localize-Swift: c798ec9286494866f7068f85f7c71283ac5bdab4
  MXParallaxHeader: 858c403532ed933b381556a81ce333d7065ad182
  nanopb: 2901f78ea1b7b4015c860c2fdd1ea2fee1a18d48
  NVActivityIndicatorView: f0a6b0ed2973d9544da268f4eb76696f0a9577b0
  ObjectMapper: 5311bd50ca732930959e7ca1a2de43ab823a5ced
  Parchment: 5a8c9c73549a6d73a7c1b606c27246910d2e5720
  Pastel: b3dd5b8d612dac06ae7c63c97c45c900829bc139
  PIPKit: 43ce5374c48bd16bde238618f0899af2b114948a
  pop: d582054913807fd11fd50bfe6a539d91c7e1a55a
  PromiseKit: 453ddcc947fe7b302f3ef41882b81d31c554df7f
  Reqres: fb0714daf1b13dbafca25dd293d583cb4f73e420
  SkeletonView: 60d6ce7edb0cb4c7758db33c74add50392b3c475
  SkyFloatingLabelTextField: 38164979b79512f9ff9288ad8acfc4bbf5d843e3
  SnapKit: 0de968a9fec17499afa29683b05d0c775b6d1c29
  SwiftGifOrigin: d6679d3ebe9df2e049a84bc52582635107b581f6
  SwiftMessages: 42ed7b6e1f2f1ead9ee667dc61a0ae87e4f49570
  Validator: b34ab17a8fffd0c1ffd8f9002ead4d1e02cd9e6e
  XCDYouTubeKit: 3f4fd3eb3ed494a46a8f007b91315eed6dd6df1f

PODFILE CHECKSUM: 8c78e16a71c8f5a6f1d237842b67b8fde24c9256

COCOAPODS: 1.5.3
