PODS:
  - Alamofire (4.8.2)
  - AMScrollingNavbar (5.2.0)
  - Bartinter (0.0.4)
  - BetterSegmentedControl (1.1)
  - Bolts (1.9.0):
    - Bolts/AppLinks (= 1.9.0)
    - Bolts/Tasks (= 1.9.0)
  - Bolts/AppLinks (1.9.0):
    - Bolts/Tasks
  - Bolts/Tasks (1.9.0)
  - BouncyLayout (2.1.0)
  - CHIPageControl (0.1.7):
    - CHIPageControl/Aji (= 0.1.7)
    - CHIPageControl/Aleppo (= 0.1.7)
    - CHIPageControl/Chimayo (= 0.1.7)
    - CHIPageControl/Fresno (= 0.1.7)
    - CHIPageControl/Jalapeno (= 0.1.7)
    - CHIPageControl/Jaloro (= 0.1.7)
    - CHIPageControl/Paprika (= 0.1.7)
    - CHIPageControl/Puya (= 0.1.7)
  - CHIPageControl/Aji (0.1.7)
  - CHIPageControl/Aleppo (0.1.7)
  - CHIPageControl/Chimayo (0.1.7)
  - CHIPageControl/Fresno (0.1.7)
  - CHIPageControl/Jalapeno (0.1.7)
  - CHIPageControl/Jaloro (0.1.7)
  - CHIPageControl/Paprika (0.1.7)
  - CHIPageControl/Puya (0.1.7)
  - CocoaProxy (0.1.1)
  - DynamicColor (4.1.0)
  - FacebookCore (0.5.0):
    - Bolts (~> 1.9)
    - FBSDKCoreKit (~> 4.37)
  - FacebookLogin (0.5.0):
    - Bolts (~> 1.9)
    - FacebookCore (~> 0.5)
    - FBSDKCoreKit (~> 4.37)
    - FBSDKLoginKit (~> 4.37)
  - FBSDKCoreKit (4.38.1):
    - Bolts (~> 1.9)
  - FBSDKLoginKit (4.38.1):
    - FBSDKCoreKit
  - Firebase/Core (6.2.0):
    - Firebase/CoreOnly
    - FirebaseAnalytics (= 6.0.1)
  - Firebase/CoreOnly (6.2.0):
    - FirebaseCore (= 6.0.2)
  - FirebaseAnalytics (6.0.1):
    - FirebaseCore (~> 6.0)
    - FirebaseInstanceID (~> 4.1)
    - GoogleAppMeasurement (= 6.0.1)
    - GoogleUtilities/AppDelegateSwizzler (~> 6.0)
    - GoogleUtilities/MethodSwizzler (~> 6.0)
    - GoogleUtilities/Network (~> 6.0)
    - "GoogleUtilities/NSData+zlib (~> 6.0)"
    - nanopb (~> 0.3)
  - FirebaseCore (6.0.2):
    - GoogleUtilities/Environment (~> 6.0)
    - GoogleUtilities/Logger (~> 6.0)
  - FirebaseInstanceID (4.1.1):
    - FirebaseCore (~> 6.0)
    - GoogleUtilities/Environment (~> 6.0)
    - GoogleUtilities/UserDefaults (~> 6.0)
  - FloatingPanel (1.6.0)
  - Floaty (4.2.0)
  - fluid-slider (1.1.0):
    - pop
  - GlitchLabel (2.0.0)
  - GoogleAppMeasurement (6.0.1):
    - GoogleUtilities/AppDelegateSwizzler (~> 6.0)
    - GoogleUtilities/MethodSwizzler (~> 6.0)
    - GoogleUtilities/Network (~> 6.0)
    - "GoogleUtilities/NSData+zlib (~> 6.0)"
    - nanopb (~> 0.3)
  - GoogleMaps (3.1.0):
    - GoogleMaps/Maps (= 3.1.0)
  - GoogleMaps/Base (3.1.0)
  - GoogleMaps/Maps (3.1.0):
    - GoogleMaps/Base
  - GoogleSignIn (4.4.0):
    - "GoogleToolboxForMac/NSDictionary+URLArguments (~> 2.1)"
    - "GoogleToolboxForMac/NSString+URLArguments (~> 2.1)"
    - GTMSessionFetcher/Core (~> 1.1)
  - GoogleToolboxForMac/DebugUtils (2.2.1):
    - GoogleToolboxForMac/Defines (= 2.2.1)
  - GoogleToolboxForMac/Defines (2.2.1)
  - "GoogleToolboxForMac/NSDictionary+URLArguments (2.2.1)":
    - GoogleToolboxForMac/DebugUtils (= 2.2.1)
    - GoogleToolboxForMac/Defines (= 2.2.1)
    - "GoogleToolboxForMac/NSString+URLArguments (= 2.2.1)"
  - "GoogleToolboxForMac/NSString+URLArguments (2.2.1)"
  - GoogleUtilities/AppDelegateSwizzler (6.2.0):
    - GoogleUtilities/Environment
    - GoogleUtilities/Logger
    - GoogleUtilities/Network
  - GoogleUtilities/Environment (6.2.0)
  - GoogleUtilities/Logger (6.2.0):
    - GoogleUtilities/Environment
  - GoogleUtilities/MethodSwizzler (6.2.0):
    - GoogleUtilities/Logger
  - GoogleUtilities/Network (6.2.0):
    - GoogleUtilities/Logger
    - "GoogleUtilities/NSData+zlib"
    - GoogleUtilities/Reachability
  - "GoogleUtilities/NSData+zlib (6.2.0)"
  - GoogleUtilities/Reachability (6.2.0):
    - GoogleUtilities/Logger
  - GoogleUtilities/UserDefaults (6.2.0):
    - GoogleUtilities/Logger
  - GTMSessionFetcher/Core (1.2.2)
  - Hero (1.4.0)
  - ImageViewer (5.0.0)
  - InfiniteLayout (0.4.1):
    - CocoaProxy (~> 0)
    - InfiniteLayout/Core (= 0.4.1)
  - InfiniteLayout/Core (0.4.1):
    - CocoaProxy (~> 0)
  - JGProgressHUD (2.0.3)
  - Kingfisher (5.6.0)
  - Localize-Swift (2.0.0)
  - MarqueeLabel (4.0.0)
  - MXParallaxHeader (0.6.1)
  - nanopb (0.3.901):
    - nanopb/decode (= 0.3.901)
    - nanopb/encode (= 0.3.901)
  - nanopb/decode (0.3.901)
  - nanopb/encode (0.3.901)
  - NVActivityIndicatorView (4.7.0):
    - NVActivityIndicatorView/Presenter (= 4.7.0)
  - NVActivityIndicatorView/Presenter (4.7.0)
  - ObjectMapper (3.5.0)
  - Parchment (1.6.0)
  - Pastel (0.5.1)
  - PIPKit (0.1.0)
  - pop (1.0.12)
  - PromiseKit/CorePromise (6.8.4)
  - Reqres (3.1.0)
  - SkeletonView (1.6)
  - SkyFloatingLabelTextField (3.7.0)
  - SnapKit (5.0.0)
  - SwiftGifOrigin (1.7.0)
  - SwiftMessages (7.0.0):
    - SwiftMessages/App (= 7.0.0)
  - SwiftMessages/App (7.0.0)
  - Validator (3.1.1)
  - XCDYouTubeKit (2.7.5)

DEPENDENCIES:
  - Alamofire (~> 4.8)
  - AMScrollingNavbar
  - Bartinter
  - BetterSegmentedControl
  - BouncyLayout
  - CHIPageControl (~> 0.1.3)
  - DynamicColor (~> 4.1)
  - FacebookCore (= 0.5.0)
  - FacebookLogin (= 0.5.0)
  - FBSDKCoreKit (~> 4.38.0)
  - FBSDKLoginKit (~> 4.38.0)
  - Firebase/Core
  - FloatingPanel
  - Floaty (~> 4.1)
  - fluid-slider
  - GlitchLabel (from `https://github.com/kikikiktai/GlitchLabel.git`)
  - GoogleMaps
  - GoogleSignIn
  - Hero
  - ImageViewer (from `https://github.com/mezhevikin/ImageViewer`)
  - InfiniteLayout
  - JGProgressHUD
  - Kingfisher
  - Localize-Swift (~> 2.0)
  - MarqueeLabel
  - MXParallaxHeader
  - NVActivityIndicatorView
  - ObjectMapper
  - Parchment
  - Pastel
  - PIPKit
  - PromiseKit/CorePromise (~> 6.0)
  - Reqres
  - SkeletonView
  - SkyFloatingLabelTextField (~> 3.0)
  - SnapKit
  - SwiftGifOrigin (~> 1.6)
  - SwiftMessages
  - Validator (from `https://github.com/kikikiktai/Validator.git`)
  - XCDYouTubeKit (~> 2.7.3)

SPEC REPOS:
  https://github.com/cocoapods/specs.git:
    - Alamofire
    - AMScrollingNavbar
    - Bartinter
    - BetterSegmentedControl
    - Bolts
    - BouncyLayout
    - CHIPageControl
    - CocoaProxy
    - DynamicColor
    - FacebookCore
    - FacebookLogin
    - FBSDKCoreKit
    - FBSDKLoginKit
    - Firebase
    - FirebaseAnalytics
    - FirebaseCore
    - FirebaseInstanceID
    - FloatingPanel
    - Floaty
    - fluid-slider
    - GoogleAppMeasurement
    - GoogleMaps
    - GoogleSignIn
    - GoogleToolboxForMac
    - GoogleUtilities
    - GTMSessionFetcher
    - Hero
    - InfiniteLayout
    - JGProgressHUD
    - Kingfisher
    - Localize-Swift
    - MarqueeLabel
    - MXParallaxHeader
    - nanopb
    - NVActivityIndicatorView
    - ObjectMapper
    - Parchment
    - Pastel
    - PIPKit
    - pop
    - PromiseKit
    - Reqres
    - SkeletonView
    - SkyFloatingLabelTextField
    - SnapKit
    - SwiftGifOrigin
    - SwiftMessages
    - XCDYouTubeKit

EXTERNAL SOURCES:
  GlitchLabel:
    :git: https://github.com/kikikiktai/GlitchLabel.git
  ImageViewer:
    :git: https://github.com/mezhevikin/ImageViewer
  Validator:
    :git: https://github.com/kikikiktai/Validator.git

CHECKOUT OPTIONS:
  GlitchLabel:
    :commit: 3eef1aa36f2c5962c11ea5c7ba53bb768207f41d
    :git: https://github.com/kikikiktai/GlitchLabel.git
  ImageViewer:
    :commit: 9ceca031cc78af6f7d80e20e29aeafda0ef41859
    :git: https://github.com/mezhevikin/ImageViewer
  Validator:
    :commit: be4055d26109ef048c73bf16f60e2fcbc1a26e77
    :git: https://github.com/kikikiktai/Validator.git

SPEC CHECKSUMS:
  Alamofire: ae5c501addb7afdbb13687d7f2f722c78734c2d3
  AMScrollingNavbar: 9df3652d6757f1a24646d8e90cb458591d8b1a6a
  Bartinter: cfc2ebf2fb8560a7d878dcbdc7d3c667c79090c9
  BetterSegmentedControl: ea08bea31345cf096977ef5aa588b635fb21fa18
  Bolts: ac6567323eac61e203f6a9763667d0f711be34c8
  BouncyLayout: a7955879861375cc4e88bb64d42bcf622cd2694c
  CHIPageControl: bbe1ddd0c688c02ec65b7f7e7d34551a3d16f37c
  CocoaProxy: 35ab81e24325b33834cffe45a3d1fd48ca67ef3a
  DynamicColor: e72fcf4174518c514e862bb4bdea794c1865b412
  FacebookCore: 74288d0add931d361b1596beae787ab72c438249
  FacebookLogin: ebcf34714a1cb9f0759d9f071cfb01ed500996cf
  FBSDKCoreKit: 8d47857400e2f5bdea697a80daff882e91c84ef6
  FBSDKLoginKit: 4621c690d9dd8628031a4791497062183ea34b0d
  Firebase: 5965bac23e7fcb5fa6d926ed429c9ecef8a2014e
  FirebaseAnalytics: 629301c2b9925f3537d4093a17a72751ae5b7084
  FirebaseCore: b0f0262acebfa540e5f97b3832dbb13186980822
  FirebaseInstanceID: cdb3827746d53ece7ae87a5c51c25c3055443366
  FloatingPanel: 11d3d21c1c66f40abde89a625ed3784db43b1857
  Floaty: e2bd5a0f6f7f70899e26ff2da31081c8bee8d1b0
  fluid-slider: 68037ac7247f16a89f3e24ff5d0167c8eea6f50b
  GlitchLabel: 65773d1df358ef66c8daa40428eb79bd04e7a976
  GoogleAppMeasurement: 51d8d9ea48f0ca44484d29cfbdef976fbd4fc336
  GoogleMaps: 5c13302e6fe6bb6e686b267196586b91cd594225
  GoogleSignIn: 7ff245e1a7b26d379099d3243a562f5747e23d39
  GoogleToolboxForMac: b3553629623a3b1bff17f555e736cd5a6d95ad55
  GoogleUtilities: 996e0db07153674fd1b54b220fda3a3dc3547cba
  GTMSessionFetcher: 61bb0f61a4cb560030f1222021178008a5727a23
  Hero: bac92350d7201a1a940003e0767c7b52ce7c99a1
  ImageViewer: 997018c2f4f7f9830602349bbcc3b2b776424942
  InfiniteLayout: 458eadbcb94afc3d777141990fbfe7a804a35609
  JGProgressHUD: 12b20a8f4ffe05258f8635c1ab92816e451f904d
  Kingfisher: 1a50df6880a60bae26f3e21a0df3d17b892f5e0b
  Localize-Swift: c798ec9286494866f7068f85f7c71283ac5bdab4
  MarqueeLabel: b55b26e690b6ad41faedd95cbf5eae6f1d1735b4
  MXParallaxHeader: 858c403532ed933b381556a81ce333d7065ad182
  nanopb: 2901f78ea1b7b4015c860c2fdd1ea2fee1a18d48
  NVActivityIndicatorView: b19ddab2576f805cbe0fb2306cba3476e09a1dea
  ObjectMapper: 078b564ed25c6578b62588e306bf1da3924636d4
  Parchment: d3a7b367c529fa6ef51aa43f5717a7ff36d4b1f5
  Pastel: b3dd5b8d612dac06ae7c63c97c45c900829bc139
  PIPKit: bf6c7a1d8a16757a6800c36ae1f5fcb88d686408
  pop: d582054913807fd11fd50bfe6a539d91c7e1a55a
  PromiseKit: 51794a832647e7b819336dc2279039ce9f1cc49b
  Reqres: da8d0497e660dc12c4db8285f30008c27c1800b7
  SkeletonView: 6c2bf622c352c7e36b4f3c8d73afc46d6c9360d6
  SkyFloatingLabelTextField: 4b46db0ab1ccde0919cded29c656e6b4805eda04
  SnapKit: fd22d10eb9aff484d79a8724eab922c1ddf89bcf
  SwiftGifOrigin: fbd6cf37afcfcf97a5c3db996ddc0492e5c5c145
  SwiftMessages: a952f7a9103d9aeab93730a2861d2d8fcdd8758f
  Validator: b34ab17a8fffd0c1ffd8f9002ead4d1e02cd9e6e
  XCDYouTubeKit: 2458e1c823167ff1da2f326e4a40bc701ca86593

PODFILE CHECKSUM: 08f1ecc2d07161886e2e72d94f12600b49fdd7b9

COCOAPODS: 1.5.3
