PODS:
  - Alamofire (4.8.2)
  - AMScrollingNavbar (5.2.0)
  - Bartinter (0.0.4)
  - BetterSegmentedControl (1.2.1)
  - Bolts (1.9.0):
    - Bolts/AppLinks (= 1.9.0)
    - Bolts/Tasks (= 1.9.0)
  - Bolts/AppLinks (1.9.0):
    - Bolts/Tasks
  - Bolts/Tasks (1.9.0)
  - BouncyLayout (2.2.0)
  - CHIPageControl (0.1.8):
    - CHIPageControl/Aji (= 0.1.8)
    - CHIPageControl/Aleppo (= 0.1.8)
    - CHIPageControl/Chimayo (= 0.1.8)
    - CHIPageControl/Fresno (= 0.1.8)
    - CHIPageControl/Jalapeno (= 0.1.8)
    - CHIPageControl/Jaloro (= 0.1.8)
    - CHIPageControl/Paprika (= 0.1.8)
    - CHIPageControl/Puya (= 0.1.8)
  - CHIPageControl/Aji (0.1.8)
  - CHIPageControl/Aleppo (0.1.8)
  - CHIPageControl/Chimayo (0.1.8)
  - CHIPageControl/Fresno (0.1.8)
  - CHIPageControl/Jalapeno (0.1.8)
  - CHIPageControl/Jaloro (0.1.8)
  - CHIPageControl/Paprika (0.1.8)
  - CHIPageControl/Puya (0.1.8)
  - CocoaProxy (0.1.1)
  - DynamicColor (4.1.0)
  - FacebookCore (0.5.0):
    - Bolts (~> 1.9)
    - FBSDKCoreKit (~> 4.37)
  - FacebookLogin (0.5.0):
    - Bolts (~> 1.9)
    - FacebookCore (~> 0.5)
    - FBSDKCoreKit (~> 4.37)
    - FBSDKLoginKit (~> 4.37)
  - FBSDKCoreKit (4.38.1):
    - Bolts (~> 1.9)
  - FBSDKLoginKit (4.38.1):
    - FBSDKCoreKit
  - Firebase/Core (6.3.0):
    - Firebase/CoreOnly
    - FirebaseAnalytics (= 6.0.2)
  - Firebase/CoreOnly (6.3.0):
    - FirebaseCore (= 6.0.3)
  - FirebaseAnalytics (6.0.2):
    - FirebaseCore (~> 6.0)
    - FirebaseInstanceID (~> 4.2)
    - GoogleAppMeasurement (= 6.0.2)
    - GoogleUtilities/AppDelegateSwizzler (~> 6.0)
    - GoogleUtilities/MethodSwizzler (~> 6.0)
    - GoogleUtilities/Network (~> 6.0)
    - "GoogleUtilities/NSData+zlib (~> 6.0)"
    - nanopb (~> 0.3)
  - FirebaseCore (6.0.3):
    - GoogleUtilities/Environment (~> 6.0)
    - GoogleUtilities/Logger (~> 6.0)
  - FirebaseInstanceID (4.2.0):
    - FirebaseCore (~> 6.0)
    - GoogleUtilities/Environment (~> 6.0)
    - GoogleUtilities/UserDefaults (~> 6.0)
  - FloatingPanel (1.6.1)
  - Floaty (4.2.0)
  - fluid-slider (1.1.0):
    - pop
  - GlitchLabel (2.1.0)
  - GoogleAppMeasurement (6.0.2):
    - GoogleUtilities/AppDelegateSwizzler (~> 6.0)
    - GoogleUtilities/MethodSwizzler (~> 6.0)
    - GoogleUtilities/Network (~> 6.0)
    - "GoogleUtilities/NSData+zlib (~> 6.0)"
    - nanopb (~> 0.3)
  - GoogleMaps (3.1.0):
    - GoogleMaps/Maps (= 3.1.0)
  - GoogleMaps/Base (3.1.0)
  - GoogleMaps/Maps (3.1.0):
    - GoogleMaps/Base
  - GoogleSignIn (4.4.0):
    - "GoogleToolboxForMac/NSDictionary+URLArguments (~> 2.1)"
    - "GoogleToolboxForMac/NSString+URLArguments (~> 2.1)"
    - GTMSessionFetcher/Core (~> 1.1)
  - GoogleToolboxForMac/DebugUtils (2.2.1):
    - GoogleToolboxForMac/Defines (= 2.2.1)
  - GoogleToolboxForMac/Defines (2.2.1)
  - "GoogleToolboxForMac/NSDictionary+URLArguments (2.2.1)":
    - GoogleToolboxForMac/DebugUtils (= 2.2.1)
    - GoogleToolboxForMac/Defines (= 2.2.1)
    - "GoogleToolboxForMac/NSString+URLArguments (= 2.2.1)"
  - "GoogleToolboxForMac/NSString+URLArguments (2.2.1)"
  - GoogleUtilities/AppDelegateSwizzler (6.2.1):
    - GoogleUtilities/Environment
    - GoogleUtilities/Logger
    - GoogleUtilities/Network
  - GoogleUtilities/Environment (6.2.1)
  - GoogleUtilities/Logger (6.2.1):
    - GoogleUtilities/Environment
  - GoogleUtilities/MethodSwizzler (6.2.1):
    - GoogleUtilities/Logger
  - GoogleUtilities/Network (6.2.1):
    - GoogleUtilities/Logger
    - "GoogleUtilities/NSData+zlib"
    - GoogleUtilities/Reachability
  - "GoogleUtilities/NSData+zlib (6.2.1)"
  - GoogleUtilities/Reachability (6.2.1):
    - GoogleUtilities/Logger
  - GoogleUtilities/UserDefaults (6.2.1):
    - GoogleUtilities/Logger
  - GTMSessionFetcher/Core (1.2.2)
  - Hero (1.4.1)
  - ImageViewer (5.0.0)
  - InfiniteLayout (0.4.1):
    - CocoaProxy (~> 0)
    - InfiniteLayout/Core (= 0.4.1)
  - InfiniteLayout/Core (0.4.1):
    - CocoaProxy (~> 0)
  - JGProgressHUD (2.0.3)
  - Kingfisher (5.7.0)
  - Localize-Swift (2.0.0)
  - MarqueeLabel (4.0.0)
  - MXParallaxHeader (0.6.1)
  - nanopb (0.3.901):
    - nanopb/decode (= 0.3.901)
    - nanopb/encode (= 0.3.901)
  - nanopb/decode (0.3.901)
  - nanopb/encode (0.3.901)
  - NVActivityIndicatorView (4.7.0):
    - NVActivityIndicatorView/Presenter (= 4.7.0)
  - NVActivityIndicatorView/Presenter (4.7.0)
  - ObjectMapper (3.5.1)
  - Parchment (1.6.0)
  - Pastel (0.5.1)
  - PIPKit (0.1.0)
  - pop (1.0.12)
  - PromiseKit/CorePromise (6.10.0)
  - ReachabilitySwift (4.3.1)
  - Reqres (3.1.0)
  - SkeletonView (1.6)
  - SkyFloatingLabelTextField (3.7.0)
  - SnapKit (5.0.0)
  - SwiftGifOrigin (1.7.0)
  - SwiftMessages (7.0.0):
    - SwiftMessages/App (= 7.0.0)
  - SwiftMessages/App (7.0.0)
  - Validator (3.2)
  - XCDYouTubeKit (2.7.7)

DEPENDENCIES:
  - Alamofire (~> 4.8)
  - AMScrollingNavbar
  - Bartinter
  - BetterSegmentedControl
  - BouncyLayout
  - CHIPageControl (~> 0.1.3)
  - DynamicColor (~> 4.1)
  - FacebookCore (= 0.5.0)
  - FacebookLogin (= 0.5.0)
  - FBSDKCoreKit (~> 4.38.0)
  - FBSDKLoginKit (~> 4.38.0)
  - Firebase/Core
  - FloatingPanel
  - Floaty (~> 4.1)
  - fluid-slider
  - GlitchLabel
  - GoogleMaps
  - GoogleSignIn
  - Hero (from `https://github.com/kikikiktai/Hero.git`)
  - ImageViewer (from `https://github.com/Nabeatsu/ImageViewer`, branch `master`)
  - InfiniteLayout
  - JGProgressHUD
  - Kingfisher
  - Localize-Swift (~> 2.0)
  - MarqueeLabel
  - MXParallaxHeader
  - NVActivityIndicatorView
  - ObjectMapper
  - Parchment
  - Pastel
  - PIPKit
  - PromiseKit/CorePromise
  - ReachabilitySwift
  - Reqres
  - SkeletonView
  - SkyFloatingLabelTextField (~> 3.0)
  - SnapKit
  - SwiftGifOrigin (~> 1.6)
  - SwiftMessages
  - Validator (from `https://github.com/kikikiktai/Validator.git`)
  - XCDYouTubeKit (~> 2.7.3)

SPEC REPOS:
  https://github.com/cocoapods/specs.git:
    - Alamofire
    - AMScrollingNavbar
    - Bartinter
    - BetterSegmentedControl
    - Bolts
    - BouncyLayout
    - CHIPageControl
    - CocoaProxy
    - DynamicColor
    - FacebookCore
    - FacebookLogin
    - FBSDKCoreKit
    - FBSDKLoginKit
    - Firebase
    - FirebaseAnalytics
    - FirebaseCore
    - FirebaseInstanceID
    - FloatingPanel
    - Floaty
    - fluid-slider
    - GlitchLabel
    - GoogleAppMeasurement
    - GoogleMaps
    - GoogleSignIn
    - GoogleToolboxForMac
    - GoogleUtilities
    - GTMSessionFetcher
    - InfiniteLayout
    - JGProgressHUD
    - Kingfisher
    - Localize-Swift
    - MarqueeLabel
    - MXParallaxHeader
    - nanopb
    - NVActivityIndicatorView
    - ObjectMapper
    - Parchment
    - Pastel
    - PIPKit
    - pop
    - PromiseKit
    - ReachabilitySwift
    - Reqres
    - SkeletonView
    - SkyFloatingLabelTextField
    - SnapKit
    - SwiftGifOrigin
    - SwiftMessages
    - XCDYouTubeKit

EXTERNAL SOURCES:
  Hero:
    :git: https://github.com/kikikiktai/Hero.git
  ImageViewer:
    :branch: master
    :git: https://github.com/Nabeatsu/ImageViewer
  Validator:
    :git: https://github.com/kikikiktai/Validator.git

CHECKOUT OPTIONS:
  Hero:
    :commit: c2abd1d19c21cf58a0c80b8b9a5f391d5ecae08c
    :git: https://github.com/kikikiktai/Hero.git
  ImageViewer:
    :commit: 16388ac42603b295d6270ef8d32bb8a42dd8ff43
    :git: https://github.com/Nabeatsu/ImageViewer
  Validator:
    :commit: 7818fd3c46b84221cdebbb01b059e5b81e89cdc6
    :git: https://github.com/kikikiktai/Validator.git

SPEC CHECKSUMS:
  Alamofire: ae5c501addb7afdbb13687d7f2f722c78734c2d3
  AMScrollingNavbar: 9df3652d6757f1a24646d8e90cb458591d8b1a6a
  Bartinter: cfc2ebf2fb8560a7d878dcbdc7d3c667c79090c9
  BetterSegmentedControl: b27bddbdff29b6cae988678d6cd106858986cd03
  Bolts: ac6567323eac61e203f6a9763667d0f711be34c8
  BouncyLayout: b8be605d6c729086d0fc83f180f71e804abeaf04
  CHIPageControl: 76b35c8309d8dd155e869c109cc6ffc0aaa465ff
  CocoaProxy: 35ab81e24325b33834cffe45a3d1fd48ca67ef3a
  DynamicColor: e72fcf4174518c514e862bb4bdea794c1865b412
  FacebookCore: 74288d0add931d361b1596beae787ab72c438249
  FacebookLogin: ebcf34714a1cb9f0759d9f071cfb01ed500996cf
  FBSDKCoreKit: 8d47857400e2f5bdea697a80daff882e91c84ef6
  FBSDKLoginKit: 4621c690d9dd8628031a4791497062183ea34b0d
  Firebase: 8432d732974498afd5987e9001a05f90f1a3d625
  FirebaseAnalytics: 470ddab7253b21ad5a40bebd4a9903d7ae19386a
  FirebaseCore: 68f8a7f50cdae542715d4e86afa37c4067217dcb
  FirebaseInstanceID: f20243a1d828e0e9a3798b995174dedc16f1b32a
  FloatingPanel: 46f000f80eddffd7c27acdb48b813eb1b4ba7d79
  Floaty: e2bd5a0f6f7f70899e26ff2da31081c8bee8d1b0
  fluid-slider: 68037ac7247f16a89f3e24ff5d0167c8eea6f50b
  GlitchLabel: b7970749cfdc780ef5489709726a60dd93c71e77
  GoogleAppMeasurement: a35a645835bae31b6bdc0576396bc23908f12a22
  GoogleMaps: 5c13302e6fe6bb6e686b267196586b91cd594225
  GoogleSignIn: 7ff245e1a7b26d379099d3243a562f5747e23d39
  GoogleToolboxForMac: b3553629623a3b1bff17f555e736cd5a6d95ad55
  GoogleUtilities: c7a0b08bda3bf808be823ed151f0e28ac6866e71
  GTMSessionFetcher: 61bb0f61a4cb560030f1222021178008a5727a23
  Hero: 497b79bc3aca812a262128b18f1c78306e69e905
  ImageViewer: 997018c2f4f7f9830602349bbcc3b2b776424942
  InfiniteLayout: 458eadbcb94afc3d777141990fbfe7a804a35609
  JGProgressHUD: 12b20a8f4ffe05258f8635c1ab92816e451f904d
  Kingfisher: c7d211b54f1f30d8060aadab177d52b4349c825b
  Localize-Swift: c798ec9286494866f7068f85f7c71283ac5bdab4
  MarqueeLabel: b55b26e690b6ad41faedd95cbf5eae6f1d1735b4
  MXParallaxHeader: 858c403532ed933b381556a81ce333d7065ad182
  nanopb: 2901f78ea1b7b4015c860c2fdd1ea2fee1a18d48
  NVActivityIndicatorView: b19ddab2576f805cbe0fb2306cba3476e09a1dea
  ObjectMapper: 70187b8941977c62ccfb423caf6b50be405cabf0
  Parchment: d3a7b367c529fa6ef51aa43f5717a7ff36d4b1f5
  Pastel: b3dd5b8d612dac06ae7c63c97c45c900829bc139
  PIPKit: bf6c7a1d8a16757a6800c36ae1f5fcb88d686408
  pop: d582054913807fd11fd50bfe6a539d91c7e1a55a
  PromiseKit: 1fdaeb6c0a94a5114fcb814ff3d772b86886ad4e
  ReachabilitySwift: 4032e2f59586e11e3b0ebe15b167abdd587a388b
  Reqres: da8d0497e660dc12c4db8285f30008c27c1800b7
  SkeletonView: 6c2bf622c352c7e36b4f3c8d73afc46d6c9360d6
  SkyFloatingLabelTextField: 4b46db0ab1ccde0919cded29c656e6b4805eda04
  SnapKit: fd22d10eb9aff484d79a8724eab922c1ddf89bcf
  SwiftGifOrigin: fbd6cf37afcfcf97a5c3db996ddc0492e5c5c145
  SwiftMessages: a952f7a9103d9aeab93730a2861d2d8fcdd8758f
  Validator: 9cfe0da15338f2e36fcf9e394f5bc1761888bec4
  XCDYouTubeKit: ab0bd023c24c69a417c8beacda9502e99e23d6b4

PODFILE CHECKSUM: 50ccc2b8f4127c319e25d1b84a38e464a5549c4a

COCOAPODS: 1.7.2
